// !$*UTF8*$!
{
	archiveVersion = 1;
	classes = {
	};
	objectVersion = 46;
	objects = {

/* Begin PBXAggregateTarget section */
		0E1CED26480CF57D2FC7C9BF /* AUv3SynthPlugin - All */ = {
			isa = PBXAggregateTarget;
			buildConfigurationList = 53A57BE5EEE0D4D456F735B5 /* Build configuration list for PBXAggregateTarget "AUv3SynthPlugin - All" */;
			buildPhases = (
			);
			dependencies = (
				70A62A2D1925212F1FE44505 /* PBXTargetDependency */,
				0D0F82568273E59CE0B596BD /* PBXTargetDependency */,
				C60D4F93754E240750A6AB8B /* PBXTargetDependency */,
			);
			name = "AUv3SynthPlugin - All";
			productName = AUv3SynthPlugin;
		};
/* End PBXAggregateTarget section */

/* Begin PBXBuildFile section */
		0E6BC6CBBC66B31205306F7D /* AUv3SynthPlugin.appex in Embed App Extensions */ = {isa = PBXBuildFile; fileRef = AA00161380648FC219B69D9E /* AUv3SynthPlugin.appex */; };
		153438FE4B927738018A4283 /* MobileCoreServices.framework in Frameworks */ = {isa = PBXBuildFile; fileRef = 86EFA3A947C7A6B320AAF1DA /* MobileCoreServices.framework */; };
		1571EE1509F546E0593E897D /* include_juce_graphics.mm in Sources */ = {isa = PBXBuildFile; fileRef = 61423E1F947D912D41E04AEB /* include_juce_graphics.mm */; };
		304D627B7410BE40EC29AB28 /* Accelerate.framework in Frameworks */ = {isa = PBXBuildFile; fileRef = 1DCE9E830E833E4C40D20F88 /* Accelerate.framework */; };
		3B944E1125F25521F1EB0186 /* include_juce_events.mm in Sources */ = {isa = PBXBuildFile; fileRef = D6A195EDBFA80632EACA8112 /* include_juce_events.mm */; };
		413591247FE339A6696BB5F5 /* include_juce_audio_formats.mm in Sources */ = {isa = PBXBuildFile; fileRef = 899BC799FD306FEECD860936 /* include_juce_audio_formats.mm */; };
		42BB1B559E0BDC2CBCE89686 /* Images.xcassets in Resources */ = {isa = PBXBuildFile; fileRef = 18E3B25933FEAB13019EEAA5 /* Images.xcassets */; };
		4578C86B7EB742F5233C052F /* include_juce_gui_basics.mm in Sources */ = {isa = PBXBuildFile; fileRef = 7EFD4EC90867242ABBDAE52F /* include_juce_gui_basics.mm */; };
		4B4BD65E5B73FD280655D3F1 /* CoreText.framework in Frameworks */ = {isa = PBXBuildFile; fileRef = EB829E8D2B66137D017A87B0 /* CoreText.framework */; };
		5494B0FAFC176AD6AA218E71 /* CoreGraphics.framework in Frameworks */ = {isa = PBXBuildFile; fileRef = E84241A9FCEEC75DDD58AE7B /* CoreGraphics.framework */; };
		625A757A00A4108AE3DC77B6 /* Foundation.framework in Frameworks */ = {isa = PBXBuildFile; fileRef = 28CB072F1F0846D759EA1092 /* Foundation.framework */; };
		7CD61B82091468482F14CCFE /* include_juce_audio_plugin_client_VST_utils.mm in Sources */ = {isa = PBXBuildFile; fileRef = 41CD340FA5FBA41AD45FB380 /* include_juce_audio_plugin_client_VST_utils.mm */; };
		7D69D49D57304396B83D96C9 /* include_juce_audio_basics.mm in Sources */ = {isa = PBXBuildFile; fileRef = E31C8EACEDCD5DB5DBCF063A /* include_juce_audio_basics.mm */; };
		8186156B5B738ADF94C73C3D /* include_juce_audio_plugin_client_utils.cpp in Sources */ = {isa = PBXBuildFile; fileRef = 7B30A18DEBAB07533E715C27 /* include_juce_audio_plugin_client_utils.cpp */; };
		834154357E9E06328B658E07 /* include_juce_gui_extra.mm in Sources */ = {isa = PBXBuildFile; fileRef = FF29E796CF448AEA6BC410AD /* include_juce_gui_extra.mm */; };
		840323E61E3522CD7EC00574 /* include_juce_audio_processors.mm in Sources */ = {isa = PBXBuildFile; fileRef = 2AB68679CC6C22AB96ABD8D8 /* include_juce_audio_processors.mm */; };
		84283D34FBA9AA2EB4526D2C /* Main.cpp in Sources */ = {isa = PBXBuildFile; fileRef = E3DCADFF37B0F2E0EA2FD246 /* Main.cpp */; };
		96A584975A5DBFF624EB0C71 /* AudioToolbox.framework in Frameworks */ = {isa = PBXBuildFile; fileRef = F887C8088E7234E647ED4A48 /* AudioToolbox.framework */; };
		9EE2DFB4AB998A2701F7D013 /* include_juce_audio_plugin_client_AUv3.mm in Sources */ = {isa = PBXBuildFile; fileRef = BFCD2CBFF5068C2C84321C41 /* include_juce_audio_plugin_client_AUv3.mm */; };
		A40D31C03D7650E696B52AB4 /* CoreAudio.framework in Frameworks */ = {isa = PBXBuildFile; fileRef = A438C98D17D0F936A218BE07 /* CoreAudio.framework */; };
		ABEE28469918312A039C6100 /* CoreMIDI.framework in Frameworks */ = {isa = PBXBuildFile; fileRef = 7EF5909F378BF27EC82C40FA /* CoreMIDI.framework */; };
		B25E776DC389511839DD7F3D /* include_juce_audio_devices.mm in Sources */ = {isa = PBXBuildFile; fileRef = 7F365C34DCB900D309F42FAB /* include_juce_audio_devices.mm */; };
		B7414808390BC1D245DEC90C /* QuartzCore.framework in Frameworks */ = {isa = PBXBuildFile; fileRef = D238389D3603E76B723F584D /* QuartzCore.framework */; };
		BAD655DFB9C909123913CB22 /* Assets in Resources */ = {isa = PBXBuildFile; fileRef = C00588FD50BF040946840121 /* Assets */; };
		BD3F3E1BAD93DE8F9B8F18BB /* CoreAudioKit.framework in Frameworks */ = {isa = PBXBuildFile; fileRef = 2088DEB4EE0C6807C09E882B /* CoreAudioKit.framework */; };
		BED3FD49DFC58C8B93F987D5 /* AVFoundation.framework in Frameworks */ = {isa = PBXBuildFile; fileRef = D72D8CF8CB1A4234DB7F2757 /* AVFoundation.framework */; };
		C30FF439C145DFC3EE0B6F24 /* UIKit.framework in Frameworks */ = {isa = PBXBuildFile; fileRef = CC4400876E7E084945C48A5E /* UIKit.framework */; };
		CE50BB1218280ADF70107514 /* include_juce_core.mm in Sources */ = {isa = PBXBuildFile; fileRef = 7E0A8BB2805342183C7D943F /* include_juce_core.mm */; };
		D027CE03CFA154F5A3D3E15E /* include_juce_audio_utils.mm in Sources */ = {isa = PBXBuildFile; fileRef = E994978B9FFD1B67E8D0E7B3 /* include_juce_audio_utils.mm */; };
		D360207099F1370081989B86 /* CoreImage.framework in Frameworks */ = {isa = PBXBuildFile; fileRef = 102C3CAC868FD9839179B8C5 /* CoreImage.framework */; };
		D5DF6D71DB38DED552FF7AB0 /* include_juce_data_structures.mm in Sources */ = {isa = PBXBuildFile; fileRef = 9D361E90CD7995AF7E85C897 /* include_juce_data_structures.mm */; };
		D829A202217E5CBE002A90B9 /* Assets in Resources */ = {isa = PBXBuildFile; fileRef = C00588FD50BF040946840121 /* Assets */; };
		D829A203217E5CBE002A90B9 /* Images.xcassets in Resources */ = {isa = PBXBuildFile; fileRef = 18E3B25933FEAB13019EEAA5 /* Images.xcassets */; };
		D829A204217E5CBE002A90B9 /* Accelerate.framework in Frameworks */ = {isa = PBXBuildFile; fileRef = 1DCE9E830E833E4C40D20F88 /* Accelerate.framework */; };
		D829A205217E5CBE002A90B9 /* AudioToolbox.framework in Frameworks */ = {isa = PBXBuildFile; fileRef = F887C8088E7234E647ED4A48 /* AudioToolbox.framework */; };
		D829A206217E5CBE002A90B9 /* AVFoundation.framework in Frameworks */ = {isa = PBXBuildFile; fileRef = D72D8CF8CB1A4234DB7F2757 /* AVFoundation.framework */; };
		D829A207217E5CBE002A90B9 /* CoreAudio.framework in Frameworks */ = {isa = PBXBuildFile; fileRef = A438C98D17D0F936A218BE07 /* CoreAudio.framework */; };
		D829A208217E5CBE002A90B9 /* CoreAudioKit.framework in Frameworks */ = {isa = PBXBuildFile; fileRef = 2088DEB4EE0C6807C09E882B /* CoreAudioKit.framework */; };
		D829A209217E5CBE002A90B9 /* CoreGraphics.framework in Frameworks */ = {isa = PBXBuildFile; fileRef = E84241A9FCEEC75DDD58AE7B /* CoreGraphics.framework */; };
		D829A20A217E5CBE002A90B9 /* CoreImage.framework in Frameworks */ = {isa = PBXBuildFile; fileRef = 102C3CAC868FD9839179B8C5 /* CoreImage.framework */; };
		D829A20B217E5CBE002A90B9 /* CoreMIDI.framework in Frameworks */ = {isa = PBXBuildFile; fileRef = 7EF5909F378BF27EC82C40FA /* CoreMIDI.framework */; };
		D829A20C217E5CBE002A90B9 /* CoreText.framework in Frameworks */ = {isa = PBXBuildFile; fileRef = EB829E8D2B66137D017A87B0 /* CoreText.framework */; };
		D829A20D217E5CBE002A90B9 /* Foundation.framework in Frameworks */ = {isa = PBXBuildFile; fileRef = 28CB072F1F0846D759EA1092 /* Foundation.framework */; };
		D829A20E217E5CBE002A90B9 /* MobileCoreServices.framework in Frameworks */ = {isa = PBXBuildFile; fileRef = 86EFA3A947C7A6B320AAF1DA /* MobileCoreServices.framework */; };
		D829A20F217E5CBE002A90B9 /* QuartzCore.framework in Frameworks */ = {isa = PBXBuildFile; fileRef = D238389D3603E76B723F584D /* QuartzCore.framework */; };
		D829A210217E5CBE002A90B9 /* UIKit.framework in Frameworks */ = {isa = PBXBuildFile; fileRef = CC4400876E7E084945C48A5E /* UIKit.framework */; };
		F9127A04CB0A9FBCCF6EC09E /* include_juce_audio_plugin_client_Standalone.cpp in Sources */ = {isa = PBXBuildFile; fileRef = 45819B1A2C2CC5BA192A2699 /* include_juce_audio_plugin_client_Standalone.cpp */; };
/* End PBXBuildFile section */

/* Begin PBXContainerItemProxy section */
		D829A211217E5CBE002A90B9 /* PBXContainerItemProxy */ = {
			isa = PBXContainerItemProxy;
			containerPortal = A8FC347AA9A8D51E78162A82 /* Project object */;
			proxyType = 1;
			remoteGlobalIDString = 3BA00AD7E86C1F2C2B8F3874;
			remoteInfo = "AUv3SynthPlugin - AUv3 AppExtension";
		};
		D829A212217E5CBE002A90B9 /* PBXContainerItemProxy */ = {
			isa = PBXContainerItemProxy;
			containerPortal = A8FC347AA9A8D51E78162A82 /* Project object */;
			proxyType = 1;
			remoteGlobalIDString = 5062547ECF5A3AC25ED827BD;
			remoteInfo = "AUv3SynthPlugin - Shared Code";
		};
		D829A213217E5CBE002A90B9 /* PBXContainerItemProxy */ = {
			isa = PBXContainerItemProxy;
			containerPortal = A8FC347AA9A8D51E78162A82 /* Project object */;
			proxyType = 1;
			remoteGlobalIDString = 65C0BDD42EDE268E3034F6C5;
			remoteInfo = "AUv3SynthPlugin - Standalone Plugin";
		};
/* End PBXContainerItemProxy section */

/* Begin PBXCopyFilesBuildPhase section */
		81133DE69591BB48DCBD6070 /* Embed App Extensions */ = {
			isa = PBXCopyFilesBuildPhase;
			buildActionMask = 2147483647;
			dstPath = "";
			dstSubfolderSpec = 13;
			files = (
				0E6BC6CBBC66B31205306F7D /* AUv3SynthPlugin.appex in Embed App Extensions */,
			);
			name = "Embed App Extensions";
			runOnlyForDeploymentPostprocessing = 0;
		};
/* End PBXCopyFilesBuildPhase section */

/* Begin PBXFileReference section */
		0729732DF677BA6A4C522E29 /* Info-AUv3_AppExtension.plist */ = {isa = PBXFileReference; lastKnownFileType = text.plist.xml; path = "Info-AUv3_AppExtension.plist"; sourceTree = SOURCE_ROOT; };
		102C3CAC868FD9839179B8C5 /* CoreImage.framework */ = {isa = PBXFileReference; lastKnownFileType = wrapper.framework; name = CoreImage.framework; path = System/Library/Frameworks/CoreImage.framework; sourceTree = SDKROOT; };
		18E3B25933FEAB13019EEAA5 /* Images.xcassets */ = {isa = PBXFileReference; lastKnownFileType = folder.assetcatalog; name = Images.xcassets; path = AUv3SynthPlugin/Images.xcassets; sourceTree = SOURCE_ROOT; };
		1D32AE3405C37F63C3CC31A5 /* JuceHeader.h */ = {isa = PBXFileReference; lastKnownFileType = sourcecode.c.h; name = JuceHeader.h; path = ../../JuceLibraryCode/JuceHeader.h; sourceTree = SOURCE_ROOT; };
		1DCE9E830E833E4C40D20F88 /* Accelerate.framework */ = {isa = PBXFileReference; lastKnownFileType = wrapper.framework; name = Accelerate.framework; path = System/Library/Frameworks/Accelerate.framework; sourceTree = SDKROOT; };
		1E5818BB745241366835F03A /* juce_gui_extra */ = {isa = PBXFileReference; lastKnownFileType = folder; name = juce_gui_extra; path = /Users/Joe/Developer/JUCE/modules/juce_gui_extra; sourceTree = "<absolute>"; };
		2088DEB4EE0C6807C09E882B /* CoreAudioKit.framework */ = {isa = PBXFileReference; lastKnownFileType = wrapper.framework; name = CoreAudioKit.framework; path = System/Library/Frameworks/CoreAudioKit.framework; sourceTree = SDKROOT; };
		256C8FACAFA631A235518AFB /* juce_audio_utils */ = {isa = PBXFileReference; lastKnownFileType = folder; name = juce_audio_utils; path = /Users/Joe/Developer/JUCE/modules/juce_audio_utils; sourceTree = "<absolute>"; };
		28CB072F1F0846D759EA1092 /* Foundation.framework */ = {isa = PBXFileReference; lastKnownFileType = wrapper.framework; name = Foundation.framework; path = System/Library/Frameworks/Foundation.framework; sourceTree = SDKROOT; };
		2AB68679CC6C22AB96ABD8D8 /* include_juce_audio_processors.mm */ = {isa = PBXFileReference; lastKnownFileType = sourcecode.cpp.objcpp; name = include_juce_audio_processors.mm; path = ../../JuceLibraryCode/include_juce_audio_processors.mm; sourceTree = SOURCE_ROOT; };
		312B4D4A4CB91EE98D064ED5 /* juce_audio_devices */ = {isa = PBXFileReference; lastKnownFileType = folder; name = juce_audio_devices; path = /Users/Joe/Developer/JUCE/modules/juce_audio_devices; sourceTree = "<absolute>"; };
		41CD340FA5FBA41AD45FB380 /* include_juce_audio_plugin_client_VST_utils.mm */ = {isa = PBXFileReference; lastKnownFileType = sourcecode.cpp.objcpp; name = include_juce_audio_plugin_client_VST_utils.mm; path = ../../JuceLibraryCode/include_juce_audio_plugin_client_VST_utils.mm; sourceTree = SOURCE_ROOT; };
		45819B1A2C2CC5BA192A2699 /* include_juce_audio_plugin_client_Standalone.cpp */ = {isa = PBXFileReference; lastKnownFileType = sourcecode.cpp.cpp; name = include_juce_audio_plugin_client_Standalone.cpp; path = ../../JuceLibraryCode/include_juce_audio_plugin_client_Standalone.cpp; sourceTree = SOURCE_ROOT; };
		4C13B3FF11FE30DF245B3336 /* juce_gui_basics */ = {isa = PBXFileReference; lastKnownFileType = folder; name = juce_gui_basics; path = /Users/Joe/Developer/JUCE/modules/juce_gui_basics; sourceTree = "<absolute>"; };
		4D06410692B1F95CE17CDB07 /* juce_core */ = {isa = PBXFileReference; lastKnownFileType = folder; name = juce_core; path = /Users/Joe/Developer/JUCE/modules/juce_core; sourceTree = "<absolute>"; };
		61423E1F947D912D41E04AEB /* include_juce_graphics.mm */ = {isa = PBXFileReference; lastKnownFileType = sourcecode.cpp.objcpp; name = include_juce_graphics.mm; path = ../../JuceLibraryCode/include_juce_graphics.mm; sourceTree = SOURCE_ROOT; };
		653730B2F2D5A8C319E311A6 /* AUv3SynthPlugin.app */ = {isa = PBXFileReference; explicitFileType = wrapper.application; includeInIndex = 0; path = AUv3SynthPlugin.app; sourceTree = BUILT_PRODUCTS_DIR; };
		6AD719ADED4F18E5BBAA6314 /* libAUv3SynthPlugin.a */ = {isa = PBXFileReference; explicitFileType = archive.ar; includeInIndex = 0; path = libAUv3SynthPlugin.a; sourceTree = BUILT_PRODUCTS_DIR; };
		7B30A18DEBAB07533E715C27 /* include_juce_audio_plugin_client_utils.cpp */ = {isa = PBXFileReference; lastKnownFileType = sourcecode.cpp.cpp; name = include_juce_audio_plugin_client_utils.cpp; path = ../../JuceLibraryCode/include_juce_audio_plugin_client_utils.cpp; sourceTree = SOURCE_ROOT; };
		7E0A8BB2805342183C7D943F /* include_juce_core.mm */ = {isa = PBXFileReference; lastKnownFileType = sourcecode.cpp.objcpp; name = include_juce_core.mm; path = ../../JuceLibraryCode/include_juce_core.mm; sourceTree = SOURCE_ROOT; };
		7EF5909F378BF27EC82C40FA /* CoreMIDI.framework */ = {isa = PBXFileReference; lastKnownFileType = wrapper.framework; name = CoreMIDI.framework; path = System/Library/Frameworks/CoreMIDI.framework; sourceTree = SDKROOT; };
		7EFD4EC90867242ABBDAE52F /* include_juce_gui_basics.mm */ = {isa = PBXFileReference; lastKnownFileType = sourcecode.cpp.objcpp; name = include_juce_gui_basics.mm; path = ../../JuceLibraryCode/include_juce_gui_basics.mm; sourceTree = SOURCE_ROOT; };
		7F365C34DCB900D309F42FAB /* include_juce_audio_devices.mm */ = {isa = PBXFileReference; lastKnownFileType = sourcecode.cpp.objcpp; name = include_juce_audio_devices.mm; path = ../../JuceLibraryCode/include_juce_audio_devices.mm; sourceTree = SOURCE_ROOT; };
		86EFA3A947C7A6B320AAF1DA /* MobileCoreServices.framework */ = {isa = PBXFileReference; lastKnownFileType = wrapper.framework; name = MobileCoreServices.framework; path = System/Library/Frameworks/MobileCoreServices.framework; sourceTree = SDKROOT; };
		899BC799FD306FEECD860936 /* include_juce_audio_formats.mm */ = {isa = PBXFileReference; lastKnownFileType = sourcecode.cpp.objcpp; name = include_juce_audio_formats.mm; path = ../../JuceLibraryCode/include_juce_audio_formats.mm; sourceTree = SOURCE_ROOT; };
		94C6281678609DDB429FA790 /* juce_data_structures */ = {isa = PBXFileReference; lastKnownFileType = folder; name = juce_data_structures; path = /Users/Joe/Developer/JUCE/modules/juce_data_structures; sourceTree = "<absolute>"; };
		9683D561892773C855F39989 /* juce_audio_formats */ = {isa = PBXFileReference; lastKnownFileType = folder; name = juce_audio_formats; path = /Users/Joe/Developer/JUCE/modules/juce_audio_formats; sourceTree = "<absolute>"; };
		9CD8829615CC57774D6D0D2D /* juce_audio_processors */ = {isa = PBXFileReference; lastKnownFileType = folder; name = juce_audio_processors; path = /Users/Joe/Developer/JUCE/modules/juce_audio_processors; sourceTree = "<absolute>"; };
		9D361E90CD7995AF7E85C897 /* include_juce_data_structures.mm */ = {isa = PBXFileReference; lastKnownFileType = sourcecode.cpp.objcpp; name = include_juce_data_structures.mm; path = ../../JuceLibraryCode/include_juce_data_structures.mm; sourceTree = SOURCE_ROOT; };
		A438C98D17D0F936A218BE07 /* CoreAudio.framework */ = {isa = PBXFileReference; lastKnownFileType = wrapper.framework; name = CoreAudio.framework; path = System/Library/Frameworks/CoreAudio.framework; sourceTree = SDKROOT; };
		A9C419B8415C26EA2CCF4947 /* AUv3SynthPluginDemo.h */ = {isa = PBXFileReference; lastKnownFileType = sourcecode.c.h; name = AUv3SynthPluginDemo.h; path = ../../Source/AUv3SynthPluginDemo.h; sourceTree = SOURCE_ROOT; };
		AA00161380648FC219B69D9E /* AUv3SynthPlugin.appex */ = {isa = PBXFileReference; explicitFileType = "wrapper.app-extension"; includeInIndex = 0; path = AUv3SynthPlugin.appex; sourceTree = BUILT_PRODUCTS_DIR; };
		B5E7506FD9D268AD4525588D /* juce_audio_plugin_client */ = {isa = PBXFileReference; lastKnownFileType = folder; name = juce_audio_plugin_client; path = /Users/Joe/Developer/JUCE/modules/juce_audio_plugin_client; sourceTree = "<absolute>"; };
		B641DEB0F9F65925FA2931E5 /* DemoUtilities.h */ = {isa = PBXFileReference; lastKnownFileType = sourcecode.c.h; name = DemoUtilities.h; path = ../../Source/DemoUtilities.h; sourceTree = SOURCE_ROOT; };
		BC54848BE6020E4E7A2793F6 /* juce_audio_basics */ = {isa = PBXFileReference; lastKnownFileType = folder; name = juce_audio_basics; path = /Users/Joe/Developer/JUCE/modules/juce_audio_basics; sourceTree = "<absolute>"; };
		BFCD2CBFF5068C2C84321C41 /* include_juce_audio_plugin_client_AUv3.mm */ = {isa = PBXFileReference; lastKnownFileType = sourcecode.cpp.objcpp; name = include_juce_audio_plugin_client_AUv3.mm; path = ../../JuceLibraryCode/include_juce_audio_plugin_client_AUv3.mm; sourceTree = SOURCE_ROOT; };
		C00588FD50BF040946840121 /* Assets */ = {isa = PBXFileReference; lastKnownFileType = folder; name = Assets; path = /Users/Joe/Developer/JUCE/examples/Assets; sourceTree = "<group>"; };
		CC4400876E7E084945C48A5E /* UIKit.framework */ = {isa = PBXFileReference; lastKnownFileType = wrapper.framework; name = UIKit.framework; path = System/Library/Frameworks/UIKit.framework; sourceTree = SDKROOT; };
		D238389D3603E76B723F584D /* QuartzCore.framework */ = {isa = PBXFileReference; lastKnownFileType = wrapper.framework; name = QuartzCore.framework; path = System/Library/Frameworks/QuartzCore.framework; sourceTree = SDKROOT; };
		D32555416577B5D228613397 /* juce_graphics */ = {isa = PBXFileReference; lastKnownFileType = folder; name = juce_graphics; path = /Users/Joe/Developer/JUCE/modules/juce_graphics; sourceTree = "<absolute>"; };
		D6A195EDBFA80632EACA8112 /* include_juce_events.mm */ = {isa = PBXFileReference; lastKnownFileType = sourcecode.cpp.objcpp; name = include_juce_events.mm; path = ../../JuceLibraryCode/include_juce_events.mm; sourceTree = SOURCE_ROOT; };
		D72D8CF8CB1A4234DB7F2757 /* AVFoundation.framework */ = {isa = PBXFileReference; lastKnownFileType = wrapper.framework; name = AVFoundation.framework; path = System/Library/Frameworks/AVFoundation.framework; sourceTree = SDKROOT; };
		D832396FEFF2B59EAFF9EFC1 /* Info-Standalone_Plugin.plist */ = {isa = PBXFileReference; lastKnownFileType = text.plist.xml; path = "Info-Standalone_Plugin.plist"; sourceTree = SOURCE_ROOT; };
		DF4B170FAC1DF8635A566BBC /* juce_events */ = {isa = PBXFileReference; lastKnownFileType = folder; name = juce_events; path = /Users/Joe/Developer/JUCE/modules/juce_events; sourceTree = "<absolute>"; };
		E31C8EACEDCD5DB5DBCF063A /* include_juce_audio_basics.mm */ = {isa = PBXFileReference; lastKnownFileType = sourcecode.cpp.objcpp; name = include_juce_audio_basics.mm; path = ../../JuceLibraryCode/include_juce_audio_basics.mm; sourceTree = SOURCE_ROOT; };
		E3DCADFF37B0F2E0EA2FD246 /* Main.cpp */ = {isa = PBXFileReference; lastKnownFileType = sourcecode.cpp.cpp; name = Main.cpp; path = ../../Source/Main.cpp; sourceTree = SOURCE_ROOT; };
		E84241A9FCEEC75DDD58AE7B /* CoreGraphics.framework */ = {isa = PBXFileReference; lastKnownFileType = wrapper.framework; name = CoreGraphics.framework; path = System/Library/Frameworks/CoreGraphics.framework; sourceTree = SDKROOT; };
		E994978B9FFD1B67E8D0E7B3 /* include_juce_audio_utils.mm */ = {isa = PBXFileReference; lastKnownFileType = sourcecode.cpp.objcpp; name = include_juce_audio_utils.mm; path = ../../JuceLibraryCode/include_juce_audio_utils.mm; sourceTree = SOURCE_ROOT; };
		EB829E8D2B66137D017A87B0 /* CoreText.framework */ = {isa = PBXFileReference; lastKnownFileType = wrapper.framework; name = CoreText.framework; path = System/Library/Frameworks/CoreText.framework; sourceTree = SDKROOT; };
		F887C8088E7234E647ED4A48 /* AudioToolbox.framework */ = {isa = PBXFileReference; lastKnownFileType = wrapper.framework; name = AudioToolbox.framework; path = System/Library/Frameworks/AudioToolbox.framework; sourceTree = SDKROOT; };
		F9EE4729918E868F75660EE9 /* AppConfig.h */ = {isa = PBXFileReference; lastKnownFileType = sourcecode.c.h; name = AppConfig.h; path = ../../JuceLibraryCode/AppConfig.h; sourceTree = SOURCE_ROOT; };
		FF29E796CF448AEA6BC410AD /* include_juce_gui_extra.mm */ = {isa = PBXFileReference; lastKnownFileType = sourcecode.cpp.objcpp; name = include_juce_gui_extra.mm; path = ../../JuceLibraryCode/include_juce_gui_extra.mm; sourceTree = SOURCE_ROOT; };
/* End PBXFileReference section */

/* Begin PBXFrameworksBuildPhase section */
		6779E85B1A43EE7A2FC73575 /* Frameworks */ = {
			isa = PBXFrameworksBuildPhase;
			buildActionMask = 2147483647;
			files = (
				304D627B7410BE40EC29AB28 /* Accelerate.framework in Frameworks */,
				96A584975A5DBFF624EB0C71 /* AudioToolbox.framework in Frameworks */,
				BED3FD49DFC58C8B93F987D5 /* AVFoundation.framework in Frameworks */,
				A40D31C03D7650E696B52AB4 /* CoreAudio.framework in Frameworks */,
				BD3F3E1BAD93DE8F9B8F18BB /* CoreAudioKit.framework in Frameworks */,
				5494B0FAFC176AD6AA218E71 /* CoreGraphics.framework in Frameworks */,
				D360207099F1370081989B86 /* CoreImage.framework in Frameworks */,
				ABEE28469918312A039C6100 /* CoreMIDI.framework in Frameworks */,
				4B4BD65E5B73FD280655D3F1 /* CoreText.framework in Frameworks */,
				625A757A00A4108AE3DC77B6 /* Foundation.framework in Frameworks */,
				153438FE4B927738018A4283 /* MobileCoreServices.framework in Frameworks */,
				B7414808390BC1D245DEC90C /* QuartzCore.framework in Frameworks */,
				C30FF439C145DFC3EE0B6F24 /* UIKit.framework in Frameworks */,
			);
			runOnlyForDeploymentPostprocessing = 0;
		};
		EF42FB45D4D0B52B30CA77AF /* Frameworks */ = {
			isa = PBXFrameworksBuildPhase;
			buildActionMask = 2147483647;
			files = (
				D829A204217E5CBE002A90B9 /* Accelerate.framework in Frameworks */,
				D829A205217E5CBE002A90B9 /* AudioToolbox.framework in Frameworks */,
				D829A206217E5CBE002A90B9 /* AVFoundation.framework in Frameworks */,
				D829A207217E5CBE002A90B9 /* CoreAudio.framework in Frameworks */,
				D829A208217E5CBE002A90B9 /* CoreAudioKit.framework in Frameworks */,
				D829A209217E5CBE002A90B9 /* CoreGraphics.framework in Frameworks */,
				D829A20A217E5CBE002A90B9 /* CoreImage.framework in Frameworks */,
				D829A20B217E5CBE002A90B9 /* CoreMIDI.framework in Frameworks */,
				D829A20C217E5CBE002A90B9 /* CoreText.framework in Frameworks */,
				D829A20D217E5CBE002A90B9 /* Foundation.framework in Frameworks */,
				D829A20E217E5CBE002A90B9 /* MobileCoreServices.framework in Frameworks */,
				D829A20F217E5CBE002A90B9 /* QuartzCore.framework in Frameworks */,
				D829A210217E5CBE002A90B9 /* UIKit.framework in Frameworks */,
			);
			runOnlyForDeploymentPostprocessing = 0;
		};
/* End PBXFrameworksBuildPhase section */

/* Begin PBXGroup section */
		10504D39E4F47220D839F2E4 /* Source */ = {
			isa = PBXGroup;
			children = (
				6760957B410EAB6582725A23 /* AUv3SynthPlugin */,
				6506DD1C414712A9FE8921F8 /* JUCE Modules */,
				660BACDD419B0DDBFC8743BD /* JUCE Library Code */,
				E9BAC342F5DB731DF0D3830C /* Resources */,
				D8243846222F43D366DDB100 /* Frameworks */,
				E79F5C3A1D725BB1F94D9259 /* Products */,
			);
			name = Source;
			sourceTree = "<group>";
		};
		10613B6AD26A12A522CDE276 /* Source */ = {
			isa = PBXGroup;
			children = (
				E3DCADFF37B0F2E0EA2FD246 /* Main.cpp */,
				A9C419B8415C26EA2CCF4947 /* AUv3SynthPluginDemo.h */,
			);
			name = Source;
			sourceTree = "<group>";
		};
		6506DD1C414712A9FE8921F8 /* JUCE Modules */ = {
			isa = PBXGroup;
			children = (
				BC54848BE6020E4E7A2793F6 /* juce_audio_basics */,
				312B4D4A4CB91EE98D064ED5 /* juce_audio_devices */,
				9683D561892773C855F39989 /* juce_audio_formats */,
				B5E7506FD9D268AD4525588D /* juce_audio_plugin_client */,
				9CD8829615CC57774D6D0D2D /* juce_audio_processors */,
				256C8FACAFA631A235518AFB /* juce_audio_utils */,
				4D06410692B1F95CE17CDB07 /* juce_core */,
				94C6281678609DDB429FA790 /* juce_data_structures */,
				DF4B170FAC1DF8635A566BBC /* juce_events */,
				D32555416577B5D228613397 /* juce_graphics */,
				4C13B3FF11FE30DF245B3336 /* juce_gui_basics */,
				1E5818BB745241366835F03A /* juce_gui_extra */,
			);
			name = "JUCE Modules";
			sourceTree = "<group>";
		};
		660BACDD419B0DDBFC8743BD /* JUCE Library Code */ = {
			isa = PBXGroup;
			children = (
				F9EE4729918E868F75660EE9 /* AppConfig.h */,
				E31C8EACEDCD5DB5DBCF063A /* include_juce_audio_basics.mm */,
				7F365C34DCB900D309F42FAB /* include_juce_audio_devices.mm */,
				899BC799FD306FEECD860936 /* include_juce_audio_formats.mm */,
				BFCD2CBFF5068C2C84321C41 /* include_juce_audio_plugin_client_AUv3.mm */,
				45819B1A2C2CC5BA192A2699 /* include_juce_audio_plugin_client_Standalone.cpp */,
				7B30A18DEBAB07533E715C27 /* include_juce_audio_plugin_client_utils.cpp */,
				41CD340FA5FBA41AD45FB380 /* include_juce_audio_plugin_client_VST_utils.mm */,
				2AB68679CC6C22AB96ABD8D8 /* include_juce_audio_processors.mm */,
				E994978B9FFD1B67E8D0E7B3 /* include_juce_audio_utils.mm */,
				7E0A8BB2805342183C7D943F /* include_juce_core.mm */,
				9D361E90CD7995AF7E85C897 /* include_juce_data_structures.mm */,
				D6A195EDBFA80632EACA8112 /* include_juce_events.mm */,
				61423E1F947D912D41E04AEB /* include_juce_graphics.mm */,
				7EFD4EC90867242ABBDAE52F /* include_juce_gui_basics.mm */,
				FF29E796CF448AEA6BC410AD /* include_juce_gui_extra.mm */,
				1D32AE3405C37F63C3CC31A5 /* JuceHeader.h */,
			);
			name = "JUCE Library Code";
			sourceTree = "<group>";
		};
		6760957B410EAB6582725A23 /* AUv3SynthPlugin */ = {
			isa = PBXGroup;
			children = (
				10613B6AD26A12A522CDE276 /* Source */,
				CF76C428F20330DC1B1E3797 /* Assets */,
			);
			name = AUv3SynthPlugin;
			sourceTree = "<group>";
		};
		CF76C428F20330DC1B1E3797 /* Assets */ = {
			isa = PBXGroup;
			children = (
				B641DEB0F9F65925FA2931E5 /* DemoUtilities.h */,
			);
			name = Assets;
			sourceTree = "<group>";
		};
		D8243846222F43D366DDB100 /* Frameworks */ = {
			isa = PBXGroup;
			children = (
				1DCE9E830E833E4C40D20F88 /* Accelerate.framework */,
				F887C8088E7234E647ED4A48 /* AudioToolbox.framework */,
				D72D8CF8CB1A4234DB7F2757 /* AVFoundation.framework */,
				A438C98D17D0F936A218BE07 /* CoreAudio.framework */,
				2088DEB4EE0C6807C09E882B /* CoreAudioKit.framework */,
				E84241A9FCEEC75DDD58AE7B /* CoreGraphics.framework */,
				102C3CAC868FD9839179B8C5 /* CoreImage.framework */,
				7EF5909F378BF27EC82C40FA /* CoreMIDI.framework */,
				EB829E8D2B66137D017A87B0 /* CoreText.framework */,
				28CB072F1F0846D759EA1092 /* Foundation.framework */,
				86EFA3A947C7A6B320AAF1DA /* MobileCoreServices.framework */,
				D238389D3603E76B723F584D /* QuartzCore.framework */,
				CC4400876E7E084945C48A5E /* UIKit.framework */,
			);
			name = Frameworks;
			sourceTree = "<group>";
		};
		E79F5C3A1D725BB1F94D9259 /* Products */ = {
			isa = PBXGroup;
			children = (
				AA00161380648FC219B69D9E /* AUv3SynthPlugin.appex */,
				653730B2F2D5A8C319E311A6 /* AUv3SynthPlugin.app */,
				6AD719ADED4F18E5BBAA6314 /* libAUv3SynthPlugin.a */,
			);
			name = Products;
			sourceTree = "<group>";
		};
		E9BAC342F5DB731DF0D3830C /* Resources */ = {
			isa = PBXGroup;
			children = (
				C00588FD50BF040946840121 /* Assets */,
				0729732DF677BA6A4C522E29 /* Info-AUv3_AppExtension.plist */,
				D832396FEFF2B59EAFF9EFC1 /* Info-Standalone_Plugin.plist */,
				18E3B25933FEAB13019EEAA5 /* Images.xcassets */,
			);
			name = Resources;
			sourceTree = "<group>";
		};
/* End PBXGroup section */

/* Begin PBXNativeTarget section */
		3BA00AD7E86C1F2C2B8F3874 /* AUv3SynthPlugin - AUv3 AppExtension */ = {
			isa = PBXNativeTarget;
			buildConfigurationList = BFF326F4C1B390F132DBBC7B /* Build configuration list for PBXNativeTarget "AUv3SynthPlugin - AUv3 AppExtension" */;
			buildPhases = (
				50F69B3375E63AAD9631C811 /* Resources */,
				FE334F045CD2CACCD6187763 /* Sources */,
				6779E85B1A43EE7A2FC73575 /* Frameworks */,
			);
			buildRules = (
			);
			dependencies = (
				C60D4F93754E240750A6AB8B /* PBXTargetDependency */,
			);
			name = "AUv3SynthPlugin - AUv3 AppExtension";
			productName = AUv3SynthPlugin;
			productReference = AA00161380648FC219B69D9E /* AUv3SynthPlugin.appex */;
			productType = "com.apple.product-type.app-extension";
		};
		5062547ECF5A3AC25ED827BD /* AUv3SynthPlugin - Shared Code */ = {
			isa = PBXNativeTarget;
			buildConfigurationList = D2F674A8C4949BD0F92A7A37 /* Build configuration list for PBXNativeTarget "AUv3SynthPlugin - Shared Code" */;
			buildPhases = (
				22587DCA9F1C2AC7F056AA05 /* Sources */,
			);
			buildRules = (
			);
			dependencies = (
			);
			name = "AUv3SynthPlugin - Shared Code";
			productName = AUv3SynthPlugin;
			productReference = 6AD719ADED4F18E5BBAA6314 /* libAUv3SynthPlugin.a */;
			productType = "com.apple.product-type.library.static";
		};
		65C0BDD42EDE268E3034F6C5 /* AUv3SynthPlugin - Standalone Plugin */ = {
			isa = PBXNativeTarget;
			buildConfigurationList = 11152256320CE35DBA9F1AD2 /* Build configuration list for PBXNativeTarget "AUv3SynthPlugin - Standalone Plugin" */;
			buildPhases = (
				7F225EFEC1E263D2E01FA25E /* Resources */,
				D356E898570CD78EA8437E0E /* Sources */,
				EF42FB45D4D0B52B30CA77AF /* Frameworks */,
				81133DE69591BB48DCBD6070 /* Embed App Extensions */,
			);
			buildRules = (
			);
			dependencies = (
				70A62A2D1925212F1FE44505 /* PBXTargetDependency */,
				C60D4F93754E240750A6AB8B /* PBXTargetDependency */,
			);
			name = "AUv3SynthPlugin - Standalone Plugin";
			productName = AUv3SynthPlugin;
			productReference = 653730B2F2D5A8C319E311A6 /* AUv3SynthPlugin.app */;
			productType = "com.apple.product-type.application";
		};
/* End PBXNativeTarget section */

/* Begin PBXProject section */
		A8FC347AA9A8D51E78162A82 /* Project object */ = {
			isa = PBXProject;
			attributes = {
				LastUpgradeCheck = 0930;
				ORGANIZATIONNAME = JUCE;
				TargetAttributes = {
					0E1CED26480CF57D2FC7C9BF = {
						SystemCapabilities = {
							com.apple.ApplicationGroups.iOS = {
								enabled = 0;
							};
							com.apple.InAppPurchase = {
								enabled = 0;
							};
							com.apple.InterAppAudio = {
								enabled = 0;
							};
							com.apple.Push = {
								enabled = 0;
							};
							com.apple.Sandbox = {
								enabled = 0;
							};
						};
					};
					3BA00AD7E86C1F2C2B8F3874 = {
						DevelopmentTeam = J3TN7LJ55J;
						SystemCapabilities = {
							com.apple.ApplicationGroups.iOS = {
								enabled = 0;
							};
							com.apple.InAppPurchase = {
								enabled = 0;
							};
							com.apple.InterAppAudio = {
								enabled = 0;
							};
							com.apple.Push = {
								enabled = 0;
							};
							com.apple.Sandbox = {
								enabled = 1;
							};
						};
					};
					5062547ECF5A3AC25ED827BD = {
						SystemCapabilities = {
							com.apple.ApplicationGroups.iOS = {
								enabled = 0;
							};
							com.apple.InAppPurchase = {
								enabled = 0;
							};
							com.apple.InterAppAudio = {
								enabled = 0;
							};
							com.apple.Push = {
								enabled = 0;
							};
							com.apple.Sandbox = {
								enabled = 0;
							};
						};
					};
					65C0BDD42EDE268E3034F6C5 = {
						DevelopmentTeam = J3TN7LJ55J;
						SystemCapabilities = {
							com.apple.ApplicationGroups.iOS = {
								enabled = 0;
							};
							com.apple.InAppPurchase = {
								enabled = 0;
							};
							com.apple.InterAppAudio = {
								enabled = 0;
							};
							com.apple.Push = {
								enabled = 0;
							};
							com.apple.Sandbox = {
								enabled = 0;
							};
						};
					};
				};
			};
			buildConfigurationList = 04928F2ED3C439C2A4DFC5F9 /* Build configuration list for PBXProject "AUv3SynthPlugin" */;
			compatibilityVersion = "Xcode 3.2";
			developmentRegion = en;
			hasScannedForEncodings = 0;
			knownRegions = (
				en,
			);
			mainGroup = 10504D39E4F47220D839F2E4 /* Source */;
			projectDirPath = "";
			projectRoot = "";
			targets = (
				0E1CED26480CF57D2FC7C9BF /* AUv3SynthPlugin - All */,
				3BA00AD7E86C1F2C2B8F3874 /* AUv3SynthPlugin - AUv3 AppExtension */,
				65C0BDD42EDE268E3034F6C5 /* AUv3SynthPlugin - Standalone Plugin */,
				5062547ECF5A3AC25ED827BD /* AUv3SynthPlugin - Shared Code */,
			);
		};
/* End PBXProject section */

/* Begin PBXResourcesBuildPhase section */
		50F69B3375E63AAD9631C811 /* Resources */ = {
			isa = PBXResourcesBuildPhase;
			buildActionMask = 2147483647;
			files = (
				BAD655DFB9C909123913CB22 /* Assets in Resources */,
				42BB1B559E0BDC2CBCE89686 /* Images.xcassets in Resources */,
			);
			runOnlyForDeploymentPostprocessing = 0;
		};
		7F225EFEC1E263D2E01FA25E /* Resources */ = {
			isa = PBXResourcesBuildPhase;
			buildActionMask = 2147483647;
			files = (
				D829A202217E5CBE002A90B9 /* Assets in Resources */,
				D829A203217E5CBE002A90B9 /* Images.xcassets in Resources */,
			);
			runOnlyForDeploymentPostprocessing = 0;
		};
/* End PBXResourcesBuildPhase section */

/* Begin PBXSourcesBuildPhase section */
		22587DCA9F1C2AC7F056AA05 /* Sources */ = {
			isa = PBXSourcesBuildPhase;
			buildActionMask = 2147483647;
			files = (
				84283D34FBA9AA2EB4526D2C /* Main.cpp in Sources */,
				7D69D49D57304396B83D96C9 /* include_juce_audio_basics.mm in Sources */,
				B25E776DC389511839DD7F3D /* include_juce_audio_devices.mm in Sources */,
				413591247FE339A6696BB5F5 /* include_juce_audio_formats.mm in Sources */,
				8186156B5B738ADF94C73C3D /* include_juce_audio_plugin_client_utils.cpp in Sources */,
				7CD61B82091468482F14CCFE /* include_juce_audio_plugin_client_VST_utils.mm in Sources */,
				840323E61E3522CD7EC00574 /* include_juce_audio_processors.mm in Sources */,
				D027CE03CFA154F5A3D3E15E /* include_juce_audio_utils.mm in Sources */,
				CE50BB1218280ADF70107514 /* include_juce_core.mm in Sources */,
				D5DF6D71DB38DED552FF7AB0 /* include_juce_data_structures.mm in Sources */,
				3B944E1125F25521F1EB0186 /* include_juce_events.mm in Sources */,
				1571EE1509F546E0593E897D /* include_juce_graphics.mm in Sources */,
				4578C86B7EB742F5233C052F /* include_juce_gui_basics.mm in Sources */,
				834154357E9E06328B658E07 /* include_juce_gui_extra.mm in Sources */,
			);
			runOnlyForDeploymentPostprocessing = 0;
		};
		D356E898570CD78EA8437E0E /* Sources */ = {
			isa = PBXSourcesBuildPhase;
			buildActionMask = 2147483647;
			files = (
				F9127A04CB0A9FBCCF6EC09E /* include_juce_audio_plugin_client_Standalone.cpp in Sources */,
			);
			runOnlyForDeploymentPostprocessing = 0;
		};
		FE334F045CD2CACCD6187763 /* Sources */ = {
			isa = PBXSourcesBuildPhase;
			buildActionMask = 2147483647;
			files = (
				9EE2DFB4AB998A2701F7D013 /* include_juce_audio_plugin_client_AUv3.mm in Sources */,
			);
			runOnlyForDeploymentPostprocessing = 0;
		};
/* End PBXSourcesBuildPhase section */

/* Begin PBXTargetDependency section */
		0D0F82568273E59CE0B596BD /* PBXTargetDependency */ = {
			isa = PBXTargetDependency;
			target = 65C0BDD42EDE268E3034F6C5 /* AUv3SynthPlugin - Standalone Plugin */;
			targetProxy = D829A213217E5CBE002A90B9 /* PBXContainerItemProxy */;
		};
		70A62A2D1925212F1FE44505 /* PBXTargetDependency */ = {
			isa = PBXTargetDependency;
			target = 3BA00AD7E86C1F2C2B8F3874 /* AUv3SynthPlugin - AUv3 AppExtension */;
			targetProxy = D829A211217E5CBE002A90B9 /* PBXContainerItemProxy */;
		};
		C60D4F93754E240750A6AB8B /* PBXTargetDependency */ = {
			isa = PBXTargetDependency;
			target = 5062547ECF5A3AC25ED827BD /* AUv3SynthPlugin - Shared Code */;
			targetProxy = D829A212217E5CBE002A90B9 /* PBXContainerItemProxy */;
		};
/* End PBXTargetDependency section */

/* Begin XCBuildConfiguration section */
		49D9F65FB31990A4784E232D /* Debug */ = {
			isa = XCBuildConfiguration;
			buildSettings = {
				ASSETCATALOG_COMPILER_APPICON_NAME = AppIcon;
				ASSETCATALOG_COMPILER_LAUNCHIMAGE_NAME = LaunchImage;
				CLANG_CXX_LANGUAGE_STANDARD = "c++14";
				CLANG_CXX_LIBRARY = "libc++";
				CLANG_LINK_OBJC_RUNTIME = NO;
				COMBINE_HIDPI_IMAGES = YES;
				CONFIGURATION_BUILD_DIR = "$(PROJECT_DIR)/build/$(CONFIGURATION)";
				COPY_PHASE_STRIP = NO;
				GCC_DYNAMIC_NO_PIC = NO;
				GCC_OPTIMIZATION_LEVEL = 0;
				GCC_PREPROCESSOR_DEFINITIONS = (
					"_DEBUG=1",
					"DEBUG=1",
					"PIP_JUCE_EXAMPLES_DIRECTORY=L1VzZXJzL0pvZS9EZXZlbG9wZXIvSlVDRS9leGFtcGxlcw==",
					"JUCER_XCODE_IPHONE_5BC26AE3=1",
					"JUCE_APP_VERSION=1.0.0",
					"JUCE_APP_VERSION_HEX=0x10000",
					"JucePlugin_Build_VST=0",
					"JucePlugin_Build_VST3=0",
					"JucePlugin_Build_AU=0",
					"JucePlugin_Build_AUv3=0",
					"JucePlugin_Build_RTAS=0",
					"JucePlugin_Build_AAX=0",
					"JucePlugin_Build_Standalone=0",
					"JucePlugin_Build_Unity=0",
				);
				GCC_VERSION = com.apple.compilers.llvm.clang.1_0;
				HEADER_SEARCH_PATHS = (
					../../JuceLibraryCode,
					/Users/Joe/Developer/JUCE/modules,
					/Users/Joe/Developer/JUCE/modules/juce_audio_plugin_client,
					"$(inherited)",
				);
				OTHER_LDFLAGS = "-lAUv3SynthPlugin";
				PRODUCT_BUNDLE_IDENTIFIER = com.yourcompany.AUv3SynthPlugin;
				PRODUCT_NAME = AUv3SynthPlugin;
				USE_HEADERMAP = NO;
			};
			name = Debug;
		};
		57CE588DC2BE3EF21B68E26C /* Debug */ = {
			isa = XCBuildConfiguration;
			buildSettings = {
				ASSETCATALOG_COMPILER_APPICON_NAME = AppIcon;
				ASSETCATALOG_COMPILER_LAUNCHIMAGE_NAME = LaunchImage;
				CLANG_CXX_LANGUAGE_STANDARD = "c++14";
				CLANG_CXX_LIBRARY = "libc++";
				CLANG_LINK_OBJC_RUNTIME = NO;
				COMBINE_HIDPI_IMAGES = YES;
				CONFIGURATION_BUILD_DIR = "$(PROJECT_DIR)/build/$(CONFIGURATION)";
				COPY_PHASE_STRIP = NO;
				GCC_DYNAMIC_NO_PIC = NO;
				GCC_OPTIMIZATION_LEVEL = 0;
				GCC_PREPROCESSOR_DEFINITIONS = (
					"_DEBUG=1",
					"DEBUG=1",
					"PIP_JUCE_EXAMPLES_DIRECTORY=L1VzZXJzL0pvZS9EZXZlbG9wZXIvSlVDRS9leGFtcGxlcw==",
					"JUCER_XCODE_IPHONE_5BC26AE3=1",
					"JUCE_APP_VERSION=1.0.0",
					"JUCE_APP_VERSION_HEX=0x10000",
					"JucePlugin_Build_VST=0",
					"JucePlugin_Build_VST3=0",
					"JucePlugin_Build_AU=0",
					"JucePlugin_Build_AUv3=1",
					"JucePlugin_Build_RTAS=0",
					"JucePlugin_Build_AAX=0",
					"JucePlugin_Build_Standalone=1",
					"JucePlugin_Build_Unity=0",
					"JUCE_SHARED_CODE=1",
				);
				GCC_VERSION = com.apple.compilers.llvm.clang.1_0;
				HEADER_SEARCH_PATHS = (
					../../JuceLibraryCode,
					/Users/Joe/Developer/JUCE/modules,
					/Users/Joe/Developer/JUCE/modules/juce_audio_plugin_client,
					"$(inherited)",
				);
				INSTALL_PATH = "@executable_path/Frameworks";
				PRODUCT_BUNDLE_IDENTIFIER = com.yourcompany.AUv3SynthPlugin;
				PRODUCT_NAME = AUv3SynthPlugin;
				USE_HEADERMAP = NO;
			};
			name = Debug;
		};
		619A9D237E0E6D8A35BDA406 /* Release */ = {
			isa = XCBuildConfiguration;
			buildSettings = {
				ASSETCATALOG_COMPILER_APPICON_NAME = AppIcon;
				ASSETCATALOG_COMPILER_LAUNCHIMAGE_NAME = LaunchImage;
				CLANG_CXX_LANGUAGE_STANDARD = "c++14";
				CLANG_CXX_LIBRARY = "libc++";
				CLANG_LINK_OBJC_RUNTIME = NO;
				COMBINE_HIDPI_IMAGES = YES;
				CONFIGURATION_BUILD_DIR = "$(PROJECT_DIR)/build/$(CONFIGURATION)";
				DEAD_CODE_STRIPPING = YES;
				DEVELOPMENT_TEAM = J3TN7LJ55J;
				GCC_GENERATE_DEBUGGING_SYMBOLS = NO;
				GCC_OPTIMIZATION_LEVEL = 3;
				GCC_PREPROCESSOR_DEFINITIONS = (
					"_NDEBUG=1",
					"NDEBUG=1",
					"PIP_JUCE_EXAMPLES_DIRECTORY=L1VzZXJzL0pvZS9EZXZlbG9wZXIvSlVDRS9leGFtcGxlcw==",
					"JUCER_XCODE_IPHONE_5BC26AE3=1",
					"JUCE_APP_VERSION=1.0.0",
					"JUCE_APP_VERSION_HEX=0x10000",
					"JucePlugin_Build_VST=0",
					"JucePlugin_Build_VST3=0",
					"JucePlugin_Build_AU=0",
					"JucePlugin_Build_AUv3=1",
					"JucePlugin_Build_RTAS=0",
					"JucePlugin_Build_AAX=0",
					"JucePlugin_Build_Standalone=0",
					"JucePlugin_Build_Unity=0",
				);
				GCC_SYMBOLS_PRIVATE_EXTERN = YES;
				GCC_VERSION = com.apple.compilers.llvm.clang.1_0;
				HEADER_SEARCH_PATHS = (
					../../JuceLibraryCode,
					/Users/Joe/Developer/JUCE/modules,
					/Users/Joe/Developer/JUCE/modules/juce_audio_plugin_client,
					"$(inherited)",
				);
				INFOPLIST_FILE = "Info-AUv3_AppExtension.plist";
				INFOPLIST_PREPROCESS = NO;
				LLVM_LTO = YES;
				OTHER_LDFLAGS = "-lAUv3SynthPlugin";
				PRODUCT_BUNDLE_IDENTIFIER = com.yourcompany.AUv3SynthPlugin.AUv3SynthPluginAUv3;
				PRODUCT_NAME = AUv3SynthPlugin;
				USE_HEADERMAP = NO;
			};
			name = Release;
		};
		666ABD4AC70E2ECA61902C16 /* Release */ = {
			isa = XCBuildConfiguration;
			buildSettings = {
				ASSETCATALOG_COMPILER_APPICON_NAME = AppIcon;
				ASSETCATALOG_COMPILER_LAUNCHIMAGE_NAME = LaunchImage;
				CLANG_CXX_LANGUAGE_STANDARD = "c++14";
				CLANG_CXX_LIBRARY = "libc++";
				CLANG_LINK_OBJC_RUNTIME = NO;
				COMBINE_HIDPI_IMAGES = YES;
				CONFIGURATION_BUILD_DIR = "$(PROJECT_DIR)/build/$(CONFIGURATION)";
				DEAD_CODE_STRIPPING = YES;
				GCC_GENERATE_DEBUGGING_SYMBOLS = NO;
				GCC_OPTIMIZATION_LEVEL = 3;
				GCC_PREPROCESSOR_DEFINITIONS = (
					"_NDEBUG=1",
					"NDEBUG=1",
					"PIP_JUCE_EXAMPLES_DIRECTORY=L1VzZXJzL0pvZS9EZXZlbG9wZXIvSlVDRS9leGFtcGxlcw==",
					"JUCER_XCODE_IPHONE_5BC26AE3=1",
					"JUCE_APP_VERSION=1.0.0",
					"JUCE_APP_VERSION_HEX=0x10000",
					"JucePlugin_Build_VST=0",
					"JucePlugin_Build_VST3=0",
					"JucePlugin_Build_AU=0",
					"JucePlugin_Build_AUv3=1",
					"JucePlugin_Build_RTAS=0",
					"JucePlugin_Build_AAX=0",
					"JucePlugin_Build_Standalone=1",
					"JucePlugin_Build_Unity=0",
					"JUCE_SHARED_CODE=1",
				);
				GCC_SYMBOLS_PRIVATE_EXTERN = YES;
				GCC_VERSION = com.apple.compilers.llvm.clang.1_0;
				HEADER_SEARCH_PATHS = (
					../../JuceLibraryCode,
					/Users/Joe/Developer/JUCE/modules,
					/Users/Joe/Developer/JUCE/modules/juce_audio_plugin_client,
					"$(inherited)",
				);
				INSTALL_PATH = "@executable_path/Frameworks";
				LLVM_LTO = YES;
				PRODUCT_BUNDLE_IDENTIFIER = com.yourcompany.AUv3SynthPlugin;
				PRODUCT_NAME = AUv3SynthPlugin;
				USE_HEADERMAP = NO;
			};
			name = Release;
		};
		8AFD1B0447F87DEC9BCCDAD8 /* Debug */ = {
			isa = XCBuildConfiguration;
			buildSettings = {
				ASSETCATALOG_COMPILER_APPICON_NAME = AppIcon;
				ASSETCATALOG_COMPILER_LAUNCHIMAGE_NAME = LaunchImage;
				CLANG_CXX_LANGUAGE_STANDARD = "c++14";
				CLANG_CXX_LIBRARY = "libc++";
				CLANG_LINK_OBJC_RUNTIME = NO;
				COMBINE_HIDPI_IMAGES = YES;
				CONFIGURATION_BUILD_DIR = "$(PROJECT_DIR)/build/$(CONFIGURATION)";
				COPY_PHASE_STRIP = NO;
				DEVELOPMENT_TEAM = J3TN7LJ55J;
				GCC_DYNAMIC_NO_PIC = NO;
				GCC_OPTIMIZATION_LEVEL = 0;
				GCC_PREPROCESSOR_DEFINITIONS = (
					"_DEBUG=1",
					"DEBUG=1",
					"PIP_JUCE_EXAMPLES_DIRECTORY=L1VzZXJzL0pvZS9EZXZlbG9wZXIvSlVDRS9leGFtcGxlcw==",
					"JUCER_XCODE_IPHONE_5BC26AE3=1",
					"JUCE_APP_VERSION=1.0.0",
					"JUCE_APP_VERSION_HEX=0x10000",
					"JucePlugin_Build_VST=0",
					"JucePlugin_Build_VST3=0",
					"JucePlugin_Build_AU=0",
					"JucePlugin_Build_AUv3=1",
					"JucePlugin_Build_RTAS=0",
					"JucePlugin_Build_AAX=0",
					"JucePlugin_Build_Standalone=0",
					"JucePlugin_Build_Unity=0",
				);
				GCC_VERSION = com.apple.compilers.llvm.clang.1_0;
				HEADER_SEARCH_PATHS = (
					../../JuceLibraryCode,
					/Users/Joe/Developer/JUCE/modules,
					/Users/Joe/Developer/JUCE/modules/juce_audio_plugin_client,
					"$(inherited)",
				);
				INFOPLIST_FILE = "Info-AUv3_AppExtension.plist";
				INFOPLIST_PREPROCESS = NO;
				OTHER_LDFLAGS = "-lAUv3SynthPlugin";
				PRODUCT_BUNDLE_IDENTIFIER = com.yourcompany.AUv3SynthPlugin.AUv3SynthPluginAUv3;
				PRODUCT_NAME = AUv3SynthPlugin;
				USE_HEADERMAP = NO;
			};
			name = Debug;
		};
		9087A9FAB88A36D623CB92D0 /* Release */ = {
			isa = XCBuildConfiguration;
			buildSettings = {
				ALWAYS_SEARCH_USER_PATHS = NO;
				CLANG_WARN_BLOCK_CAPTURE_AUTORELEASING = YES;
				CLANG_WARN_BOOL_CONVERSION = YES;
				CLANG_WARN_COMMA = YES;
				CLANG_WARN_CONSTANT_CONVERSION = YES;
				CLANG_WARN_EMPTY_BODY = YES;
				CLANG_WARN_ENUM_CONVERSION = YES;
				CLANG_WARN_INFINITE_RECURSION = YES;
				CLANG_WARN_INT_CONVERSION = YES;
				CLANG_WARN_NON_LITERAL_NULL_CONVERSION = YES;
				CLANG_WARN_OBJC_LITERAL_CONVERSION = YES;
				CLANG_WARN_RANGE_LOOP_ANALYSIS = YES;
				CLANG_WARN_STRICT_PROTOTYPES = YES;
				CLANG_WARN_SUSPICIOUS_MOVE = YES;
				CLANG_WARN_UNREACHABLE_CODE = YES;
				CLANG_WARN__DUPLICATE_METHOD_MATCH = YES;
				"CODE_SIGN_IDENTITY[sdk=iphoneos*]" = "iPhone Developer";
				DEBUG_INFORMATION_FORMAT = dwarf;
				ENABLE_STRICT_OBJC_MSGSEND = YES;
				GCC_C_LANGUAGE_STANDARD = c11;
				GCC_INLINES_ARE_PRIVATE_EXTERN = YES;
				GCC_MODEL_TUNING = G5;
				GCC_NO_COMMON_BLOCKS = YES;
				GCC_WARN_64_TO_32_BIT_CONVERSION = YES;
				GCC_WARN_ABOUT_RETURN_TYPE = YES;
				GCC_WARN_CHECK_SWITCH_STATEMENTS = YES;
				GCC_WARN_MISSING_PARENTHESES = YES;
				GCC_WARN_NON_VIRTUAL_DESTRUCTOR = YES;
				GCC_WARN_TYPECHECK_CALLS_TO_PRINTF = YES;
				GCC_WARN_UNDECLARED_SELECTOR = YES;
				GCC_WARN_UNINITIALIZED_AUTOS = YES;
				GCC_WARN_UNUSED_FUNCTION = YES;
				GCC_WARN_UNUSED_VARIABLE = YES;
				IPHONEOS_DEPLOYMENT_TARGET = 9.3;
				PRODUCT_NAME = AUv3SynthPlugin;
				SDKROOT = iphoneos;
				TARGETED_DEVICE_FAMILY = "1,2";
				WARNING_CFLAGS = "-Wreorder";
				ZERO_LINK = NO;
			};
			name = Release;
		};
		A5E2F2A27F9111D376B1901C /* Release */ = {
			isa = XCBuildConfiguration;
			buildSettings = {
				ASSETCATALOG_COMPILER_APPICON_NAME = AppIcon;
				ASSETCATALOG_COMPILER_LAUNCHIMAGE_NAME = LaunchImage;
				CLANG_CXX_LANGUAGE_STANDARD = "c++14";
				CLANG_CXX_LIBRARY = "libc++";
				CLANG_LINK_OBJC_RUNTIME = NO;
				COMBINE_HIDPI_IMAGES = YES;
				CONFIGURATION_BUILD_DIR = "$(PROJECT_DIR)/build/$(CONFIGURATION)";
				DEAD_CODE_STRIPPING = YES;
				DEVELOPMENT_TEAM = J3TN7LJ55J;
				GCC_GENERATE_DEBUGGING_SYMBOLS = NO;
				GCC_OPTIMIZATION_LEVEL = 3;
				GCC_PREPROCESSOR_DEFINITIONS = (
					"_NDEBUG=1",
					"NDEBUG=1",
					"PIP_JUCE_EXAMPLES_DIRECTORY=L1VzZXJzL0pvZS9EZXZlbG9wZXIvSlVDRS9leGFtcGxlcw==",
					"JUCER_XCODE_IPHONE_5BC26AE3=1",
					"JUCE_APP_VERSION=1.0.0",
					"JUCE_APP_VERSION_HEX=0x10000",
					"JucePlugin_Build_VST=0",
					"JucePlugin_Build_VST3=0",
					"JucePlugin_Build_AU=0",
					"JucePlugin_Build_AUv3=0",
					"JucePlugin_Build_RTAS=0",
					"JucePlugin_Build_AAX=0",
					"JucePlugin_Build_Standalone=1",
					"JucePlugin_Build_Unity=0",
				);
				GCC_SYMBOLS_PRIVATE_EXTERN = YES;
				GCC_VERSION = com.apple.compilers.llvm.clang.1_0;
				HEADER_SEARCH_PATHS = (
					../../JuceLibraryCode,
					/Users/Joe/Developer/JUCE/modules,
					/Users/Joe/Developer/JUCE/modules/juce_audio_plugin_client,
					"$(inherited)",
				);
				INFOPLIST_FILE = "Info-Standalone_Plugin.plist";
				INFOPLIST_PREPROCESS = NO;
				LLVM_LTO = YES;
				OTHER_LDFLAGS = "-lAUv3SynthPlugin";
				PRODUCT_BUNDLE_IDENTIFIER = com.yourcompany.AUv3SynthPlugin;
				PRODUCT_NAME = AUv3SynthPlugin;
				USE_HEADERMAP = NO;
			};
			name = Release;
		};
		C2841943E3CF826992226E88 /* Debug */ = {
			isa = XCBuildConfiguration;
			buildSettings = {
				ALWAYS_SEARCH_USER_PATHS = NO;
				CLANG_WARN_BLOCK_CAPTURE_AUTORELEASING = YES;
				CLANG_WARN_BOOL_CONVERSION = YES;
				CLANG_WARN_COMMA = YES;
				CLANG_WARN_CONSTANT_CONVERSION = YES;
				CLANG_WARN_EMPTY_BODY = YES;
				CLANG_WARN_ENUM_CONVERSION = YES;
				CLANG_WARN_INFINITE_RECURSION = YES;
				CLANG_WARN_INT_CONVERSION = YES;
				CLANG_WARN_NON_LITERAL_NULL_CONVERSION = YES;
				CLANG_WARN_OBJC_LITERAL_CONVERSION = YES;
				CLANG_WARN_RANGE_LOOP_ANALYSIS = YES;
				CLANG_WARN_STRICT_PROTOTYPES = YES;
				CLANG_WARN_SUSPICIOUS_MOVE = YES;
				CLANG_WARN_UNREACHABLE_CODE = YES;
				CLANG_WARN__DUPLICATE_METHOD_MATCH = YES;
				"CODE_SIGN_IDENTITY[sdk=iphoneos*]" = "iPhone Developer";
				DEBUG_INFORMATION_FORMAT = dwarf;
				ENABLE_STRICT_OBJC_MSGSEND = YES;
				ENABLE_TESTABILITY = YES;
				GCC_C_LANGUAGE_STANDARD = c11;
				GCC_INLINES_ARE_PRIVATE_EXTERN = YES;
				GCC_MODEL_TUNING = G5;
				GCC_NO_COMMON_BLOCKS = YES;
				GCC_WARN_64_TO_32_BIT_CONVERSION = YES;
				GCC_WARN_ABOUT_RETURN_TYPE = YES;
				GCC_WARN_CHECK_SWITCH_STATEMENTS = YES;
				GCC_WARN_MISSING_PARENTHESES = YES;
				GCC_WARN_NON_VIRTUAL_DESTRUCTOR = YES;
				GCC_WARN_TYPECHECK_CALLS_TO_PRINTF = YES;
				GCC_WARN_UNDECLARED_SELECTOR = YES;
				GCC_WARN_UNINITIALIZED_AUTOS = YES;
				GCC_WARN_UNUSED_FUNCTION = YES;
				GCC_WARN_UNUSED_VARIABLE = YES;
				IPHONEOS_DEPLOYMENT_TARGET = 9.3;
				ONLY_ACTIVE_ARCH = YES;
				PRODUCT_NAME = AUv3SynthPlugin;
				SDKROOT = iphoneos;
				TARGETED_DEVICE_FAMILY = "1,2";
				WARNING_CFLAGS = "-Wreorder";
				ZERO_LINK = NO;
			};
			name = Debug;
		};
		CB94CCAFC90FC6CBED433BAA /* Release */ = {
			isa = XCBuildConfiguration;
			buildSettings = {
				ASSETCATALOG_COMPILER_APPICON_NAME = AppIcon;
				ASSETCATALOG_COMPILER_LAUNCHIMAGE_NAME = LaunchImage;
				CLANG_CXX_LANGUAGE_STANDARD = "c++14";
				CLANG_CXX_LIBRARY = "libc++";
				CLANG_LINK_OBJC_RUNTIME = NO;
				COMBINE_HIDPI_IMAGES = YES;
				CONFIGURATION_BUILD_DIR = "$(PROJECT_DIR)/build/$(CONFIGURATION)";
				DEAD_CODE_STRIPPING = YES;
				GCC_GENERATE_DEBUGGING_SYMBOLS = NO;
				GCC_OPTIMIZATION_LEVEL = 3;
				GCC_PREPROCESSOR_DEFINITIONS = (
					"_NDEBUG=1",
					"NDEBUG=1",
					"PIP_JUCE_EXAMPLES_DIRECTORY=L1VzZXJzL0pvZS9EZXZlbG9wZXIvSlVDRS9leGFtcGxlcw==",
					"JUCER_XCODE_IPHONE_5BC26AE3=1",
					"JUCE_APP_VERSION=1.0.0",
					"JUCE_APP_VERSION_HEX=0x10000",
					"JucePlugin_Build_VST=0",
					"JucePlugin_Build_VST3=0",
					"JucePlugin_Build_AU=0",
					"JucePlugin_Build_AUv3=0",
					"JucePlugin_Build_RTAS=0",
					"JucePlugin_Build_AAX=0",
					"JucePlugin_Build_Standalone=0",
					"JucePlugin_Build_Unity=0",
				);
				GCC_SYMBOLS_PRIVATE_EXTERN = YES;
				GCC_VERSION = com.apple.compilers.llvm.clang.1_0;
				HEADER_SEARCH_PATHS = (
					../../JuceLibraryCode,
					/Users/Joe/Developer/JUCE/modules,
					/Users/Joe/Developer/JUCE/modules/juce_audio_plugin_client,
					"$(inherited)",
				);
				LLVM_LTO = YES;
				OTHER_LDFLAGS = "-lAUv3SynthPlugin";
				PRODUCT_BUNDLE_IDENTIFIER = com.yourcompany.AUv3SynthPlugin;
				PRODUCT_NAME = AUv3SynthPlugin;
				USE_HEADERMAP = NO;
			};
			name = Release;
		};
		EC3B6E34FC7536354344AAC0 /* Debug */ = {
			isa = XCBuildConfiguration;
			buildSettings = {
				ASSETCATALOG_COMPILER_APPICON_NAME = AppIcon;
				ASSETCATALOG_COMPILER_LAUNCHIMAGE_NAME = LaunchImage;
				CLANG_CXX_LANGUAGE_STANDARD = "c++14";
				CLANG_CXX_LIBRARY = "libc++";
				CLANG_LINK_OBJC_RUNTIME = NO;
				COMBINE_HIDPI_IMAGES = YES;
				CONFIGURATION_BUILD_DIR = "$(PROJECT_DIR)/build/$(CONFIGURATION)";
				COPY_PHASE_STRIP = NO;
				DEVELOPMENT_TEAM = J3TN7LJ55J;
				GCC_DYNAMIC_NO_PIC = NO;
				GCC_OPTIMIZATION_LEVEL = 0;
				GCC_PREPROCESSOR_DEFINITIONS = (
					"_DEBUG=1",
					"DEBUG=1",
					"PIP_JUCE_EXAMPLES_DIRECTORY=L1VzZXJzL0pvZS9EZXZlbG9wZXIvSlVDRS9leGFtcGxlcw==",
					"JUCER_XCODE_IPHONE_5BC26AE3=1",
					"JUCE_APP_VERSION=1.0.0",
					"JUCE_APP_VERSION_HEX=0x10000",
					"JucePlugin_Build_VST=0",
					"JucePlugin_Build_VST3=0",
					"JucePlugin_Build_AU=0",
					"JucePlugin_Build_AUv3=0",
					"JucePlugin_Build_RTAS=0",
					"JucePlugin_Build_AAX=0",
					"JucePlugin_Build_Standalone=1",
					"JucePlugin_Build_Unity=0",
				);
				GCC_VERSION = com.apple.compilers.llvm.clang.1_0;
				HEADER_SEARCH_PATHS = (
					../../JuceLibraryCode,
					/Users/Joe/Developer/JUCE/modules,
					/Users/Joe/Developer/JUCE/modules/juce_audio_plugin_client,
					"$(inherited)",
				);
				INFOPLIST_FILE = "Info-Standalone_Plugin.plist";
				INFOPLIST_PREPROCESS = NO;
				OTHER_LDFLAGS = "-lAUv3SynthPlugin";
				PRODUCT_BUNDLE_IDENTIFIER = com.yourcompany.AUv3SynthPlugin;
				PRODUCT_NAME = AUv3SynthPlugin;
				USE_HEADERMAP = NO;
			};
			name = Debug;
		};
/* End XCBuildConfiguration section */

/* Begin XCConfigurationList section */
		04928F2ED3C439C2A4DFC5F9 /* Build configuration list for PBXProject "AUv3SynthPlugin" */ = {
			isa = XCConfigurationList;
			buildConfigurations = (
				C2841943E3CF826992226E88 /* Debug */,
				9087A9FAB88A36D623CB92D0 /* Release */,
			);
			defaultConfigurationIsVisible = 0;
			defaultConfigurationName = Debug;
		};
		11152256320CE35DBA9F1AD2 /* Build configuration list for PBXNativeTarget "AUv3SynthPlugin - Standalone Plugin" */ = {
			isa = XCConfigurationList;
			buildConfigurations = (
				EC3B6E34FC7536354344AAC0 /* Debug */,
				A5E2F2A27F9111D376B1901C /* Release */,
			);
			defaultConfigurationIsVisible = 0;
			defaultConfigurationName = Debug;
		};
		53A57BE5EEE0D4D456F735B5 /* Build configuration list for PBXAggregateTarget "AUv3SynthPlugin - All" */ = {
			isa = XCConfigurationList;
			buildConfigurations = (
				49D9F65FB31990A4784E232D /* Debug */,
				CB94CCAFC90FC6CBED433BAA /* Release */,
			);
			defaultConfigurationIsVisible = 0;
			defaultConfigurationName = Debug;
		};
		BFF326F4C1B390F132DBBC7B /* Build configuration list for PBXNativeTarget "AUv3SynthPlugin - AUv3 AppExtension" */ = {
			isa = XCConfigurationList;
			buildConfigurations = (
				8AFD1B0447F87DEC9BCCDAD8 /* Debug */,
				619A9D237E0E6D8A35BDA406 /* Release */,
			);
			defaultConfigurationIsVisible = 0;
			defaultConfigurationName = Debug;
		};
		D2F674A8C4949BD0F92A7A37 /* Build configuration list for PBXNativeTarget "AUv3SynthPlugin - Shared Code" */ = {
			isa = XCConfigurationList;
			buildConfigurations = (
				57CE588DC2BE3EF21B68E26C /* Debug */,
				666ABD4AC70E2ECA61902C16 /* Release */,
			);
			defaultConfigurationIsVisible = 0;
			defaultConfigurationName = Debug;
		};
/* End XCConfigurationList section */
	};
	rootObject = A8FC347AA9A8D51E78162A82 /* Project object */;
}
