// !$*UTF8*$!
{
	archiveVersion = 1;
	classes = {
	};
	objectVersion = 46;
	objects = {

/* Begin PBXAggregateTarget section */
		C552E44CF723FF7210F1AA35 /* AUv3SynthPlugin - All */ = {
			isa = PBXAggregateTarget;
			buildConfigurationList = A1995B85B5B5C3A480543011 /* Build configuration list for PBXAggregateTarget "AUv3SynthPlugin - All" */;
			buildPhases = (
			);
			dependencies = (
				D4ADF8CA58928515AFBC1D55 /* PBXTargetDependency */,
				652CD54C00EE392F5478D7E6 /* PBXTargetDependency */,
				6FA4DEF5D05CF0BC74873C66 /* PBXTargetDependency */,
			);
			name = "AUv3SynthPlugin - All";
			productName = AUv3SynthPlugin;
		};
/* End PBXAggregateTarget section */

/* Begin PBXBuildFile section */
		01BDA0057B91CE47AC080672 /* include_juce_audio_plugin_client_Standalone.cpp in Sources */ = {isa = PBXBuildFile; fileRef = 76FD7A7C3AD83C890FD3241A /* include_juce_audio_plugin_client_Standalone.cpp */; };
		0806596A384248E1FF99D09B /* Assets in Resources */ = {isa = PBXBuildFile; fileRef = B3ADE5EE7272877E11F7C443 /* Assets */; };
		0DDE937EC421A130FFD07132 /* CoreAudioKit.framework in Frameworks */ = {isa = PBXBuildFile; fileRef = B2AC180F8FE0BE25409E48F7 /* CoreAudioKit.framework */; };
		15B99E87FB44C6407699C4DB /* Foundation.framework in Frameworks */ = {isa = PBXBuildFile; fileRef = B6C0D9ADF7965686BD7D12FE /* Foundation.framework */; };
		1A9F8C08439FC430DAAF1998 /* UIKit.framework in Frameworks */ = {isa = PBXBuildFile; fileRef = 697E24949A5ED01844ACD2EF /* UIKit.framework */; };
		32C60DEC9C870593642369D5 /* include_juce_audio_plugin_client_VST_utils.mm in Sources */ = {isa = PBXBuildFile; fileRef = 53182F091C96FAC382EBCB56 /* include_juce_audio_plugin_client_VST_utils.mm */; };
		3A83411DE89EA15D05A3707E /* CoreGraphics.framework in Frameworks */ = {isa = PBXBuildFile; fileRef = 543A4A5FBEF9AD112F820D73 /* CoreGraphics.framework */; };
		52C78F8A92E551D4C7EEACB0 /* CoreMIDI.framework in Frameworks */ = {isa = PBXBuildFile; fileRef = 550AB75C6BAA86CD59487026 /* CoreMIDI.framework */; };
		56E92216A94532B84E9245F7 /* include_juce_data_structures.mm in Sources */ = {isa = PBXBuildFile; fileRef = 101F37AE561C2C44CF7A7B88 /* include_juce_data_structures.mm */; };
		57F8BBAC8610512891054471 /* include_juce_gui_basics.mm in Sources */ = {isa = PBXBuildFile; fileRef = 7A0374A5503D10B4F479DE64 /* include_juce_gui_basics.mm */; };
		65E2342C9EFAC445340C3F59 /* include_juce_core.mm in Sources */ = {isa = PBXBuildFile; fileRef = 8F9ABB734E3AC03FE4D6836C /* include_juce_core.mm */; };
		6907BB5D4700F02146594BCD /* include_juce_audio_formats.mm in Sources */ = {isa = PBXBuildFile; fileRef = 44EECEE00D8839190BE29EAF /* include_juce_audio_formats.mm */; };
		6F65B726CD45FE0A2F450002 /* CoreAudio.framework in Frameworks */ = {isa = PBXBuildFile; fileRef = 30B41E12EB3F6C4163A61E76 /* CoreAudio.framework */; };
		7817E40B294401895F1D9B56 /* Images.xcassets in Resources */ = {isa = PBXBuildFile; fileRef = E44798F90A92D3A75A4B9600 /* Images.xcassets */; };
		88A72902D5B56181D49C6BE9 /* include_juce_audio_basics.mm in Sources */ = {isa = PBXBuildFile; fileRef = 6CF5A6DA1D3A8096B233DD13 /* include_juce_audio_basics.mm */; };
		8A8FB1CBBD738D569ED713E5 /* include_juce_audio_utils.mm in Sources */ = {isa = PBXBuildFile; fileRef = 6C55ACCF22227F5FB34483A9 /* include_juce_audio_utils.mm */; };
		8FC7EE858E916630821788EE /* include_juce_audio_processors.mm in Sources */ = {isa = PBXBuildFile; fileRef = 201FB638FC1F4E90D25C19D1 /* include_juce_audio_processors.mm */; };
		91076F2EB1FA0326B5AAAAE9 /* include_juce_audio_devices.mm in Sources */ = {isa = PBXBuildFile; fileRef = FCF761A7950B735438D79D0D /* include_juce_audio_devices.mm */; };
		95F5129D74DC4D1DABE66722 /* Accelerate.framework in Frameworks */ = {isa = PBXBuildFile; fileRef = DBAE0AA5E80B03B884318031 /* Accelerate.framework */; };
		B06428920CF74E71ED088CD7 /* include_juce_audio_plugin_client_utils.cpp in Sources */ = {isa = PBXBuildFile; fileRef = 09CE4345C19FF968FD79937E /* include_juce_audio_plugin_client_utils.cpp */; };
		B0EA9363A38B5052B8E6221D /* AudioToolbox.framework in Frameworks */ = {isa = PBXBuildFile; fileRef = BF5BD59FCB98E57ABFA1B84F /* AudioToolbox.framework */; };
		B83780E36A64A078B8FAE077 /* QuartzCore.framework in Frameworks */ = {isa = PBXBuildFile; fileRef = 39B5FC76E6FCB81B07601301 /* QuartzCore.framework */; };
		BDAE2F8C58720072F246A1B5 /* CoreText.framework in Frameworks */ = {isa = PBXBuildFile; fileRef = F9B7879B76D287FBAA0AEA75 /* CoreText.framework */; };
		C48B5E727267F1E1FB92D250 /* include_juce_audio_plugin_client_AUv3.mm in Sources */ = {isa = PBXBuildFile; fileRef = 1C5546DC6AB42033FA5307DD /* include_juce_audio_plugin_client_AUv3.mm */; };
		D81070B3216C006A002D1A71 /* Assets in Resources */ = {isa = PBXBuildFile; fileRef = B3ADE5EE7272877E11F7C443 /* Assets */; };
		D81070B4216C006A002D1A71 /* Images.xcassets in Resources */ = {isa = PBXBuildFile; fileRef = E44798F90A92D3A75A4B9600 /* Images.xcassets */; };
		D81070B5216C006A002D1A71 /* Accelerate.framework in Frameworks */ = {isa = PBXBuildFile; fileRef = DBAE0AA5E80B03B884318031 /* Accelerate.framework */; };
		D81070B6216C006A002D1A71 /* AudioToolbox.framework in Frameworks */ = {isa = PBXBuildFile; fileRef = BF5BD59FCB98E57ABFA1B84F /* AudioToolbox.framework */; };
		D81070B7216C006A002D1A71 /* AVFoundation.framework in Frameworks */ = {isa = PBXBuildFile; fileRef = 98450DD06973CB852129B310 /* AVFoundation.framework */; };
		D81070B8216C006A002D1A71 /* CoreAudio.framework in Frameworks */ = {isa = PBXBuildFile; fileRef = 30B41E12EB3F6C4163A61E76 /* CoreAudio.framework */; };
		D81070B9216C006A002D1A71 /* CoreAudioKit.framework in Frameworks */ = {isa = PBXBuildFile; fileRef = B2AC180F8FE0BE25409E48F7 /* CoreAudioKit.framework */; };
		D81070BA216C006A002D1A71 /* CoreGraphics.framework in Frameworks */ = {isa = PBXBuildFile; fileRef = 543A4A5FBEF9AD112F820D73 /* CoreGraphics.framework */; };
		D81070BB216C006A002D1A71 /* CoreImage.framework in Frameworks */ = {isa = PBXBuildFile; fileRef = E22539CD313664B85BA7915B /* CoreImage.framework */; };
		D81070BC216C006A002D1A71 /* CoreMIDI.framework in Frameworks */ = {isa = PBXBuildFile; fileRef = 550AB75C6BAA86CD59487026 /* CoreMIDI.framework */; };
		D81070BD216C006A002D1A71 /* CoreText.framework in Frameworks */ = {isa = PBXBuildFile; fileRef = F9B7879B76D287FBAA0AEA75 /* CoreText.framework */; };
		D81070BE216C006A002D1A71 /* Foundation.framework in Frameworks */ = {isa = PBXBuildFile; fileRef = B6C0D9ADF7965686BD7D12FE /* Foundation.framework */; };
		D81070BF216C006A002D1A71 /* MobileCoreServices.framework in Frameworks */ = {isa = PBXBuildFile; fileRef = 7A7A801D5ECB6D87E8FDEF54 /* MobileCoreServices.framework */; };
		D81070C0216C006A002D1A71 /* QuartzCore.framework in Frameworks */ = {isa = PBXBuildFile; fileRef = 39B5FC76E6FCB81B07601301 /* QuartzCore.framework */; };
		D81070C1216C006A002D1A71 /* UIKit.framework in Frameworks */ = {isa = PBXBuildFile; fileRef = 697E24949A5ED01844ACD2EF /* UIKit.framework */; };
		D9D2BAF66DD565622594041C /* include_juce_events.mm in Sources */ = {isa = PBXBuildFile; fileRef = DDB679B17094AB8D31DFFD56 /* include_juce_events.mm */; };
		E7DC9F89559334B48F930AC1 /* AVFoundation.framework in Frameworks */ = {isa = PBXBuildFile; fileRef = 98450DD06973CB852129B310 /* AVFoundation.framework */; };
		EBF51ABDD168EDD4872ABA7E /* AUv3SynthPlugin.appex in Embed App Extensions */ = {isa = PBXBuildFile; fileRef = 324C45EBADD4B437226A844F /* AUv3SynthPlugin.appex */; };
		ED99351FB0752EF60AFDF1CB /* include_juce_gui_extra.mm in Sources */ = {isa = PBXBuildFile; fileRef = F670C2C1BF97433C5D96B022 /* include_juce_gui_extra.mm */; };
		EE365470D215E954BE44B18E /* include_juce_graphics.mm in Sources */ = {isa = PBXBuildFile; fileRef = 34FF55EC75B1ED11FEDD3CE4 /* include_juce_graphics.mm */; };
		F59E04B3CC8D8793C81FB868 /* MobileCoreServices.framework in Frameworks */ = {isa = PBXBuildFile; fileRef = 7A7A801D5ECB6D87E8FDEF54 /* MobileCoreServices.framework */; };
		F6548FFFDBB3B85D9E0BBF28 /* Main.cpp in Sources */ = {isa = PBXBuildFile; fileRef = D04AB98975A928ACCE82EA65 /* Main.cpp */; };
		FFDFC544D23B9246090AD141 /* CoreImage.framework in Frameworks */ = {isa = PBXBuildFile; fileRef = E22539CD313664B85BA7915B /* CoreImage.framework */; };
/* End PBXBuildFile section */

/* Begin PBXContainerItemProxy section */
		D81070C2216C006B002D1A71 /* PBXContainerItemProxy */ = {
			isa = PBXContainerItemProxy;
			containerPortal = E1232BA4E8CCAF82A37F8C3C /* Project object */;
			proxyType = 1;
			remoteGlobalIDString = 79375AB4F88B63AFA4F8118E;
			remoteInfo = "AUv3SynthPlugin - Shared Code";
		};
		D81070C3216C006B002D1A71 /* PBXContainerItemProxy */ = {
			isa = PBXContainerItemProxy;
			containerPortal = E1232BA4E8CCAF82A37F8C3C /* Project object */;
			proxyType = 1;
			remoteGlobalIDString = 982842EC277165FD2C610F95;
			remoteInfo = "AUv3SynthPlugin - AUv3 AppExtension";
		};
		D81070C4216C006B002D1A71 /* PBXContainerItemProxy */ = {
			isa = PBXContainerItemProxy;
			containerPortal = E1232BA4E8CCAF82A37F8C3C /* Project object */;
			proxyType = 1;
			remoteGlobalIDString = 0EA83A42B6A7B09C6B004248;
			remoteInfo = "AUv3SynthPlugin - Standalone Plugin";
		};
/* End PBXContainerItemProxy section */

/* Begin PBXCopyFilesBuildPhase section */
		23825EF4A5F7979C76EAF8A3 /* Embed App Extensions */ = {
			isa = PBXCopyFilesBuildPhase;
			buildActionMask = 2147483647;
			dstPath = "";
			dstSubfolderSpec = 13;
			files = (
				EBF51ABDD168EDD4872ABA7E /* AUv3SynthPlugin.appex in Embed App Extensions */,
			);
			name = "Embed App Extensions";
			runOnlyForDeploymentPostprocessing = 0;
		};
/* End PBXCopyFilesBuildPhase section */

/* Begin PBXFileReference section */
		09CE4345C19FF968FD79937E /* include_juce_audio_plugin_client_utils.cpp */ = {isa = PBXFileReference; lastKnownFileType = sourcecode.cpp.cpp; name = include_juce_audio_plugin_client_utils.cpp; path = ../../JuceLibraryCode/include_juce_audio_plugin_client_utils.cpp; sourceTree = SOURCE_ROOT; };
		101F37AE561C2C44CF7A7B88 /* include_juce_data_structures.mm */ = {isa = PBXFileReference; lastKnownFileType = sourcecode.cpp.objcpp; name = include_juce_data_structures.mm; path = ../../JuceLibraryCode/include_juce_data_structures.mm; sourceTree = SOURCE_ROOT; };
		11BA58DEA55E695C6E5B8CED /* juce_audio_utils */ = {isa = PBXFileReference; lastKnownFileType = folder; name = juce_audio_utils; path = /Users/Joe/Developer/JUCE/modules/juce_audio_utils; sourceTree = "<absolute>"; };
		1C5546DC6AB42033FA5307DD /* include_juce_audio_plugin_client_AUv3.mm */ = {isa = PBXFileReference; lastKnownFileType = sourcecode.cpp.objcpp; name = include_juce_audio_plugin_client_AUv3.mm; path = ../../JuceLibraryCode/include_juce_audio_plugin_client_AUv3.mm; sourceTree = SOURCE_ROOT; };
		1D5F60A688D7B608F9A3E6F3 /* juce_audio_plugin_client */ = {isa = PBXFileReference; lastKnownFileType = folder; name = juce_audio_plugin_client; path = /Users/Joe/Developer/JUCE/modules/juce_audio_plugin_client; sourceTree = "<absolute>"; };
		201FB638FC1F4E90D25C19D1 /* include_juce_audio_processors.mm */ = {isa = PBXFileReference; lastKnownFileType = sourcecode.cpp.objcpp; name = include_juce_audio_processors.mm; path = ../../JuceLibraryCode/include_juce_audio_processors.mm; sourceTree = SOURCE_ROOT; };
		30B41E12EB3F6C4163A61E76 /* CoreAudio.framework */ = {isa = PBXFileReference; lastKnownFileType = wrapper.framework; name = CoreAudio.framework; path = System/Library/Frameworks/CoreAudio.framework; sourceTree = SDKROOT; };
		324C45EBADD4B437226A844F /* AUv3SynthPlugin.appex */ = {isa = PBXFileReference; explicitFileType = "wrapper.app-extension"; includeInIndex = 0; path = AUv3SynthPlugin.appex; sourceTree = BUILT_PRODUCTS_DIR; };
		34BCCAAB1533D9756885C6D4 /* juce_graphics */ = {isa = PBXFileReference; lastKnownFileType = folder; name = juce_graphics; path = /Users/Joe/Developer/JUCE/modules/juce_graphics; sourceTree = "<absolute>"; };
		34FF55EC75B1ED11FEDD3CE4 /* include_juce_graphics.mm */ = {isa = PBXFileReference; lastKnownFileType = sourcecode.cpp.objcpp; name = include_juce_graphics.mm; path = ../../JuceLibraryCode/include_juce_graphics.mm; sourceTree = SOURCE_ROOT; };
		38F9E084A7E63A3F01573005 /* juce_data_structures */ = {isa = PBXFileReference; lastKnownFileType = folder; name = juce_data_structures; path = /Users/Joe/Developer/JUCE/modules/juce_data_structures; sourceTree = "<absolute>"; };
		39B5FC76E6FCB81B07601301 /* QuartzCore.framework */ = {isa = PBXFileReference; lastKnownFileType = wrapper.framework; name = QuartzCore.framework; path = System/Library/Frameworks/QuartzCore.framework; sourceTree = SDKROOT; };
		44EECEE00D8839190BE29EAF /* include_juce_audio_formats.mm */ = {isa = PBXFileReference; lastKnownFileType = sourcecode.cpp.objcpp; name = include_juce_audio_formats.mm; path = ../../JuceLibraryCode/include_juce_audio_formats.mm; sourceTree = SOURCE_ROOT; };
		53182F091C96FAC382EBCB56 /* include_juce_audio_plugin_client_VST_utils.mm */ = {isa = PBXFileReference; lastKnownFileType = sourcecode.cpp.objcpp; name = include_juce_audio_plugin_client_VST_utils.mm; path = ../../JuceLibraryCode/include_juce_audio_plugin_client_VST_utils.mm; sourceTree = SOURCE_ROOT; };
		543A4A5FBEF9AD112F820D73 /* CoreGraphics.framework */ = {isa = PBXFileReference; lastKnownFileType = wrapper.framework; name = CoreGraphics.framework; path = System/Library/Frameworks/CoreGraphics.framework; sourceTree = SDKROOT; };
		550AB75C6BAA86CD59487026 /* CoreMIDI.framework */ = {isa = PBXFileReference; lastKnownFileType = wrapper.framework; name = CoreMIDI.framework; path = System/Library/Frameworks/CoreMIDI.framework; sourceTree = SDKROOT; };
		5F26FB7D2A60DC69489E4F9C /* juce_audio_devices */ = {isa = PBXFileReference; lastKnownFileType = folder; name = juce_audio_devices; path = /Users/Joe/Developer/JUCE/modules/juce_audio_devices; sourceTree = "<absolute>"; };
		697E24949A5ED01844ACD2EF /* UIKit.framework */ = {isa = PBXFileReference; lastKnownFileType = wrapper.framework; name = UIKit.framework; path = System/Library/Frameworks/UIKit.framework; sourceTree = SDKROOT; };
		6C55ACCF22227F5FB34483A9 /* include_juce_audio_utils.mm */ = {isa = PBXFileReference; lastKnownFileType = sourcecode.cpp.objcpp; name = include_juce_audio_utils.mm; path = ../../JuceLibraryCode/include_juce_audio_utils.mm; sourceTree = SOURCE_ROOT; };
		6CF5A6DA1D3A8096B233DD13 /* include_juce_audio_basics.mm */ = {isa = PBXFileReference; lastKnownFileType = sourcecode.cpp.objcpp; name = include_juce_audio_basics.mm; path = ../../JuceLibraryCode/include_juce_audio_basics.mm; sourceTree = SOURCE_ROOT; };
		714B5462FCC735FE241694A1 /* juce_gui_extra */ = {isa = PBXFileReference; lastKnownFileType = folder; name = juce_gui_extra; path = /Users/Joe/Developer/JUCE/modules/juce_gui_extra; sourceTree = "<absolute>"; };
		76FD7A7C3AD83C890FD3241A /* include_juce_audio_plugin_client_Standalone.cpp */ = {isa = PBXFileReference; lastKnownFileType = sourcecode.cpp.cpp; name = include_juce_audio_plugin_client_Standalone.cpp; path = ../../JuceLibraryCode/include_juce_audio_plugin_client_Standalone.cpp; sourceTree = SOURCE_ROOT; };
		7A0374A5503D10B4F479DE64 /* include_juce_gui_basics.mm */ = {isa = PBXFileReference; lastKnownFileType = sourcecode.cpp.objcpp; name = include_juce_gui_basics.mm; path = ../../JuceLibraryCode/include_juce_gui_basics.mm; sourceTree = SOURCE_ROOT; };
		7A7A801D5ECB6D87E8FDEF54 /* MobileCoreServices.framework */ = {isa = PBXFileReference; lastKnownFileType = wrapper.framework; name = MobileCoreServices.framework; path = System/Library/Frameworks/MobileCoreServices.framework; sourceTree = SDKROOT; };
		7BA23C502974B7098F3004B8 /* juce_events */ = {isa = PBXFileReference; lastKnownFileType = folder; name = juce_events; path = /Users/Joe/Developer/JUCE/modules/juce_events; sourceTree = "<absolute>"; };
		7E707B63BA66D37B44AF3E48 /* JuceHeader.h */ = {isa = PBXFileReference; lastKnownFileType = sourcecode.c.h; name = JuceHeader.h; path = ../../JuceLibraryCode/JuceHeader.h; sourceTree = SOURCE_ROOT; };
		827FE2FA0F17F39E2D9FEFE3 /* juce_audio_formats */ = {isa = PBXFileReference; lastKnownFileType = folder; name = juce_audio_formats; path = /Users/Joe/Developer/JUCE/modules/juce_audio_formats; sourceTree = "<absolute>"; };
		8F9ABB734E3AC03FE4D6836C /* include_juce_core.mm */ = {isa = PBXFileReference; lastKnownFileType = sourcecode.cpp.objcpp; name = include_juce_core.mm; path = ../../JuceLibraryCode/include_juce_core.mm; sourceTree = SOURCE_ROOT; };
		96B439222D1F8E86346D2A6E /* juce_audio_basics */ = {isa = PBXFileReference; lastKnownFileType = folder; name = juce_audio_basics; path = /Users/Joe/Developer/JUCE/modules/juce_audio_basics; sourceTree = "<absolute>"; };
		98450DD06973CB852129B310 /* AVFoundation.framework */ = {isa = PBXFileReference; lastKnownFileType = wrapper.framework; name = AVFoundation.framework; path = System/Library/Frameworks/AVFoundation.framework; sourceTree = SDKROOT; };
		9BE648FEB546DC2007D92B0C /* libAUv3SynthPlugin.a */ = {isa = PBXFileReference; explicitFileType = archive.ar; includeInIndex = 0; path = libAUv3SynthPlugin.a; sourceTree = BUILT_PRODUCTS_DIR; };
		B0A2BA958FFBCD093310E81A /* juce_gui_basics */ = {isa = PBXFileReference; lastKnownFileType = folder; name = juce_gui_basics; path = /Users/Joe/Developer/JUCE/modules/juce_gui_basics; sourceTree = "<absolute>"; };
		B2AC180F8FE0BE25409E48F7 /* CoreAudioKit.framework */ = {isa = PBXFileReference; lastKnownFileType = wrapper.framework; name = CoreAudioKit.framework; path = System/Library/Frameworks/CoreAudioKit.framework; sourceTree = SDKROOT; };
		B3ADE5EE7272877E11F7C443 /* Assets */ = {isa = PBXFileReference; lastKnownFileType = folder; name = Assets; path = /Users/Joe/Developer/JUCE/examples/Assets; sourceTree = "<group>"; };
		B6C0D9ADF7965686BD7D12FE /* Foundation.framework */ = {isa = PBXFileReference; lastKnownFileType = wrapper.framework; name = Foundation.framework; path = System/Library/Frameworks/Foundation.framework; sourceTree = SDKROOT; };
		B71A8E90CC8427CCB27E6EB1 /* AUv3SynthPlugin.app */ = {isa = PBXFileReference; explicitFileType = wrapper.application; includeInIndex = 0; path = AUv3SynthPlugin.app; sourceTree = BUILT_PRODUCTS_DIR; };
		BF5BD59FCB98E57ABFA1B84F /* AudioToolbox.framework */ = {isa = PBXFileReference; lastKnownFileType = wrapper.framework; name = AudioToolbox.framework; path = System/Library/Frameworks/AudioToolbox.framework; sourceTree = SDKROOT; };
		CD4EE495F8A4A916427318A6 /* AppConfig.h */ = {isa = PBXFileReference; lastKnownFileType = sourcecode.c.h; name = AppConfig.h; path = ../../JuceLibraryCode/AppConfig.h; sourceTree = SOURCE_ROOT; };
		D04AB98975A928ACCE82EA65 /* Main.cpp */ = {isa = PBXFileReference; lastKnownFileType = sourcecode.cpp.cpp; name = Main.cpp; path = ../../Source/Main.cpp; sourceTree = SOURCE_ROOT; };
		DBAE0AA5E80B03B884318031 /* Accelerate.framework */ = {isa = PBXFileReference; lastKnownFileType = wrapper.framework; name = Accelerate.framework; path = System/Library/Frameworks/Accelerate.framework; sourceTree = SDKROOT; };
		DD91BDE45F13210FA2464275 /* juce_audio_processors */ = {isa = PBXFileReference; lastKnownFileType = folder; name = juce_audio_processors; path = /Users/Joe/Developer/JUCE/modules/juce_audio_processors; sourceTree = "<absolute>"; };
		DDB679B17094AB8D31DFFD56 /* include_juce_events.mm */ = {isa = PBXFileReference; lastKnownFileType = sourcecode.cpp.objcpp; name = include_juce_events.mm; path = ../../JuceLibraryCode/include_juce_events.mm; sourceTree = SOURCE_ROOT; };
		E22539CD313664B85BA7915B /* CoreImage.framework */ = {isa = PBXFileReference; lastKnownFileType = wrapper.framework; name = CoreImage.framework; path = System/Library/Frameworks/CoreImage.framework; sourceTree = SDKROOT; };
		E44798F90A92D3A75A4B9600 /* Images.xcassets */ = {isa = PBXFileReference; lastKnownFileType = folder.assetcatalog; name = Images.xcassets; path = AUv3SynthPlugin/Images.xcassets; sourceTree = SOURCE_ROOT; };
		E4C16E1CF6CD9E916F757088 /* Info-Standalone_Plugin.plist */ = {isa = PBXFileReference; lastKnownFileType = text.plist.xml; path = "Info-Standalone_Plugin.plist"; sourceTree = SOURCE_ROOT; };
		EE39B59B96A406CB556FE4F6 /* DemoUtilities.h */ = {isa = PBXFileReference; lastKnownFileType = sourcecode.c.h; name = DemoUtilities.h; path = ../../Source/DemoUtilities.h; sourceTree = SOURCE_ROOT; };
		F08EE7DBDC4CB84414BB7473 /* juce_core */ = {isa = PBXFileReference; lastKnownFileType = folder; name = juce_core; path = /Users/Joe/Developer/JUCE/modules/juce_core; sourceTree = "<absolute>"; };
		F1DD5ACAB2AC6297808BC85F /* AUv3SynthPluginDemo.h */ = {isa = PBXFileReference; lastKnownFileType = sourcecode.c.h; name = AUv3SynthPluginDemo.h; path = ../../Source/AUv3SynthPluginDemo.h; sourceTree = SOURCE_ROOT; };
		F670C2C1BF97433C5D96B022 /* include_juce_gui_extra.mm */ = {isa = PBXFileReference; lastKnownFileType = sourcecode.cpp.objcpp; name = include_juce_gui_extra.mm; path = ../../JuceLibraryCode/include_juce_gui_extra.mm; sourceTree = SOURCE_ROOT; };
		F9B7879B76D287FBAA0AEA75 /* CoreText.framework */ = {isa = PBXFileReference; lastKnownFileType = wrapper.framework; name = CoreText.framework; path = System/Library/Frameworks/CoreText.framework; sourceTree = SDKROOT; };
		F9E17B059B74F10F15837A5F /* Info-AUv3_AppExtension.plist */ = {isa = PBXFileReference; lastKnownFileType = text.plist.xml; path = "Info-AUv3_AppExtension.plist"; sourceTree = SOURCE_ROOT; };
		FCF761A7950B735438D79D0D /* include_juce_audio_devices.mm */ = {isa = PBXFileReference; lastKnownFileType = sourcecode.cpp.objcpp; name = include_juce_audio_devices.mm; path = ../../JuceLibraryCode/include_juce_audio_devices.mm; sourceTree = SOURCE_ROOT; };
/* End PBXFileReference section */

/* Begin PBXFrameworksBuildPhase section */
		94AE5D2327E7533FD4FFF870 /* Frameworks */ = {
			isa = PBXFrameworksBuildPhase;
			buildActionMask = 2147483647;
			files = (
				D81070B5216C006A002D1A71 /* Accelerate.framework in Frameworks */,
				D81070B6216C006A002D1A71 /* AudioToolbox.framework in Frameworks */,
				D81070B7216C006A002D1A71 /* AVFoundation.framework in Frameworks */,
				D81070B8216C006A002D1A71 /* CoreAudio.framework in Frameworks */,
				D81070B9216C006A002D1A71 /* CoreAudioKit.framework in Frameworks */,
				D81070BA216C006A002D1A71 /* CoreGraphics.framework in Frameworks */,
				D81070BB216C006A002D1A71 /* CoreImage.framework in Frameworks */,
				D81070BC216C006A002D1A71 /* CoreMIDI.framework in Frameworks */,
				D81070BD216C006A002D1A71 /* CoreText.framework in Frameworks */,
				D81070BE216C006A002D1A71 /* Foundation.framework in Frameworks */,
				D81070BF216C006A002D1A71 /* MobileCoreServices.framework in Frameworks */,
				D81070C0216C006A002D1A71 /* QuartzCore.framework in Frameworks */,
				D81070C1216C006A002D1A71 /* UIKit.framework in Frameworks */,
			);
			runOnlyForDeploymentPostprocessing = 0;
		};
		A3EA04A094E509BD7EF0816D /* Frameworks */ = {
			isa = PBXFrameworksBuildPhase;
			buildActionMask = 2147483647;
			files = (
				95F5129D74DC4D1DABE66722 /* Accelerate.framework in Frameworks */,
				B0EA9363A38B5052B8E6221D /* AudioToolbox.framework in Frameworks */,
				E7DC9F89559334B48F930AC1 /* AVFoundation.framework in Frameworks */,
				6F65B726CD45FE0A2F450002 /* CoreAudio.framework in Frameworks */,
				0DDE937EC421A130FFD07132 /* CoreAudioKit.framework in Frameworks */,
				3A83411DE89EA15D05A3707E /* CoreGraphics.framework in Frameworks */,
				FFDFC544D23B9246090AD141 /* CoreImage.framework in Frameworks */,
				52C78F8A92E551D4C7EEACB0 /* CoreMIDI.framework in Frameworks */,
				BDAE2F8C58720072F246A1B5 /* CoreText.framework in Frameworks */,
				15B99E87FB44C6407699C4DB /* Foundation.framework in Frameworks */,
				F59E04B3CC8D8793C81FB868 /* MobileCoreServices.framework in Frameworks */,
				B83780E36A64A078B8FAE077 /* QuartzCore.framework in Frameworks */,
				1A9F8C08439FC430DAAF1998 /* UIKit.framework in Frameworks */,
			);
			runOnlyForDeploymentPostprocessing = 0;
		};
/* End PBXFrameworksBuildPhase section */

/* Begin PBXGroup section */
		0FFC4F8F40B7DD70577C42DB /* Products */ = {
			isa = PBXGroup;
			children = (
				324C45EBADD4B437226A844F /* AUv3SynthPlugin.appex */,
				B71A8E90CC8427CCB27E6EB1 /* AUv3SynthPlugin.app */,
				9BE648FEB546DC2007D92B0C /* libAUv3SynthPlugin.a */,
			);
			name = Products;
			sourceTree = "<group>";
		};
		336C4F936205B688C1075488 /* Resources */ = {
			isa = PBXGroup;
			children = (
				B3ADE5EE7272877E11F7C443 /* Assets */,
				F9E17B059B74F10F15837A5F /* Info-AUv3_AppExtension.plist */,
				E4C16E1CF6CD9E916F757088 /* Info-Standalone_Plugin.plist */,
				E44798F90A92D3A75A4B9600 /* Images.xcassets */,
			);
			name = Resources;
			sourceTree = "<group>";
		};
		436DF143F5CB7A28ED7F042C /* AUv3SynthPlugin */ = {
			isa = PBXGroup;
			children = (
				6D683E132722C60BA84B3ECA /* Source */,
				77A3938333421C9AF38FCED4 /* Assets */,
			);
			name = AUv3SynthPlugin;
			sourceTree = "<group>";
		};
		46AF2C0A2965ACEB56E93177 /* JUCE Library Code */ = {
			isa = PBXGroup;
			children = (
				CD4EE495F8A4A916427318A6 /* AppConfig.h */,
				6CF5A6DA1D3A8096B233DD13 /* include_juce_audio_basics.mm */,
				FCF761A7950B735438D79D0D /* include_juce_audio_devices.mm */,
				44EECEE00D8839190BE29EAF /* include_juce_audio_formats.mm */,
				1C5546DC6AB42033FA5307DD /* include_juce_audio_plugin_client_AUv3.mm */,
				76FD7A7C3AD83C890FD3241A /* include_juce_audio_plugin_client_Standalone.cpp */,
				09CE4345C19FF968FD79937E /* include_juce_audio_plugin_client_utils.cpp */,
				53182F091C96FAC382EBCB56 /* include_juce_audio_plugin_client_VST_utils.mm */,
				201FB638FC1F4E90D25C19D1 /* include_juce_audio_processors.mm */,
				6C55ACCF22227F5FB34483A9 /* include_juce_audio_utils.mm */,
				8F9ABB734E3AC03FE4D6836C /* include_juce_core.mm */,
				101F37AE561C2C44CF7A7B88 /* include_juce_data_structures.mm */,
				DDB679B17094AB8D31DFFD56 /* include_juce_events.mm */,
				34FF55EC75B1ED11FEDD3CE4 /* include_juce_graphics.mm */,
				7A0374A5503D10B4F479DE64 /* include_juce_gui_basics.mm */,
				F670C2C1BF97433C5D96B022 /* include_juce_gui_extra.mm */,
				7E707B63BA66D37B44AF3E48 /* JuceHeader.h */,
			);
			name = "JUCE Library Code";
			sourceTree = "<group>";
		};
		6D683E132722C60BA84B3ECA /* Source */ = {
			isa = PBXGroup;
			children = (
				D04AB98975A928ACCE82EA65 /* Main.cpp */,
				F1DD5ACAB2AC6297808BC85F /* AUv3SynthPluginDemo.h */,
			);
			name = Source;
			sourceTree = "<group>";
		};
		77A3938333421C9AF38FCED4 /* Assets */ = {
			isa = PBXGroup;
			children = (
				EE39B59B96A406CB556FE4F6 /* DemoUtilities.h */,
			);
			name = Assets;
			sourceTree = "<group>";
		};
		E7AE30373D2AEC79C19FA673 /* JUCE Modules */ = {
			isa = PBXGroup;
			children = (
				96B439222D1F8E86346D2A6E /* juce_audio_basics */,
				5F26FB7D2A60DC69489E4F9C /* juce_audio_devices */,
				827FE2FA0F17F39E2D9FEFE3 /* juce_audio_formats */,
				1D5F60A688D7B608F9A3E6F3 /* juce_audio_plugin_client */,
				DD91BDE45F13210FA2464275 /* juce_audio_processors */,
				11BA58DEA55E695C6E5B8CED /* juce_audio_utils */,
				F08EE7DBDC4CB84414BB7473 /* juce_core */,
				38F9E084A7E63A3F01573005 /* juce_data_structures */,
				7BA23C502974B7098F3004B8 /* juce_events */,
				34BCCAAB1533D9756885C6D4 /* juce_graphics */,
				B0A2BA958FFBCD093310E81A /* juce_gui_basics */,
				714B5462FCC735FE241694A1 /* juce_gui_extra */,
			);
			name = "JUCE Modules";
			sourceTree = "<group>";
		};
		EB1D885E1DF56233AAB5B78D /* Source */ = {
			isa = PBXGroup;
			children = (
				436DF143F5CB7A28ED7F042C /* AUv3SynthPlugin */,
				E7AE30373D2AEC79C19FA673 /* JUCE Modules */,
				46AF2C0A2965ACEB56E93177 /* JUCE Library Code */,
				336C4F936205B688C1075488 /* Resources */,
				F271A6D485A0F401046A9BDE /* Frameworks */,
				0FFC4F8F40B7DD70577C42DB /* Products */,
			);
			name = Source;
			sourceTree = "<group>";
		};
		F271A6D485A0F401046A9BDE /* Frameworks */ = {
			isa = PBXGroup;
			children = (
				DBAE0AA5E80B03B884318031 /* Accelerate.framework */,
				BF5BD59FCB98E57ABFA1B84F /* AudioToolbox.framework */,
				98450DD06973CB852129B310 /* AVFoundation.framework */,
				30B41E12EB3F6C4163A61E76 /* CoreAudio.framework */,
				B2AC180F8FE0BE25409E48F7 /* CoreAudioKit.framework */,
				543A4A5FBEF9AD112F820D73 /* CoreGraphics.framework */,
				E22539CD313664B85BA7915B /* CoreImage.framework */,
				550AB75C6BAA86CD59487026 /* CoreMIDI.framework */,
				F9B7879B76D287FBAA0AEA75 /* CoreText.framework */,
				B6C0D9ADF7965686BD7D12FE /* Foundation.framework */,
				7A7A801D5ECB6D87E8FDEF54 /* MobileCoreServices.framework */,
				39B5FC76E6FCB81B07601301 /* QuartzCore.framework */,
				697E24949A5ED01844ACD2EF /* UIKit.framework */,
			);
			name = Frameworks;
			sourceTree = "<group>";
		};
/* End PBXGroup section */

/* Begin PBXNativeTarget section */
		0EA83A42B6A7B09C6B004248 /* AUv3SynthPlugin - Standalone Plugin */ = {
			isa = PBXNativeTarget;
			buildConfigurationList = BABCDE9DCC5BE6C4BBFA3D63 /* Build configuration list for PBXNativeTarget "AUv3SynthPlugin - Standalone Plugin" */;
			buildPhases = (
				AB626FAEE0B3146FBE4836AD /* Resources */,
				5177BECE1179B604D9A8DE43 /* Sources */,
				94AE5D2327E7533FD4FFF870 /* Frameworks */,
				23825EF4A5F7979C76EAF8A3 /* Embed App Extensions */,
			);
			buildRules = (
			);
			dependencies = (
				D4ADF8CA58928515AFBC1D55 /* PBXTargetDependency */,
				6FA4DEF5D05CF0BC74873C66 /* PBXTargetDependency */,
			);
			name = "AUv3SynthPlugin - Standalone Plugin";
			productName = AUv3SynthPlugin;
			productReference = B71A8E90CC8427CCB27E6EB1 /* AUv3SynthPlugin.app */;
			productType = "com.apple.product-type.application";
		};
		79375AB4F88B63AFA4F8118E /* AUv3SynthPlugin - Shared Code */ = {
			isa = PBXNativeTarget;
			buildConfigurationList = 1C771C4B6BDE92B4EA4FA275 /* Build configuration list for PBXNativeTarget "AUv3SynthPlugin - Shared Code" */;
			buildPhases = (
				26345E9A20FED4782C2ACE10 /* Sources */,
			);
			buildRules = (
			);
			dependencies = (
			);
			name = "AUv3SynthPlugin - Shared Code";
			productName = AUv3SynthPlugin;
			productReference = 9BE648FEB546DC2007D92B0C /* libAUv3SynthPlugin.a */;
			productType = "com.apple.product-type.library.static";
		};
		982842EC277165FD2C610F95 /* AUv3SynthPlugin - AUv3 AppExtension */ = {
			isa = PBXNativeTarget;
			buildConfigurationList = B85FD6203DFCA9EF95E1251B /* Build configuration list for PBXNativeTarget "AUv3SynthPlugin - AUv3 AppExtension" */;
			buildPhases = (
				985D16270432D8402E24BC44 /* Resources */,
				9BB3318B6B689EC0D1503A0A /* Sources */,
				A3EA04A094E509BD7EF0816D /* Frameworks */,
			);
			buildRules = (
			);
			dependencies = (
				6FA4DEF5D05CF0BC74873C66 /* PBXTargetDependency */,
			);
			name = "AUv3SynthPlugin - AUv3 AppExtension";
			productName = AUv3SynthPlugin;
			productReference = 324C45EBADD4B437226A844F /* AUv3SynthPlugin.appex */;
			productType = "com.apple.product-type.app-extension";
		};
/* End PBXNativeTarget section */

/* Begin PBXProject section */
		E1232BA4E8CCAF82A37F8C3C /* Project object */ = {
			isa = PBXProject;
			attributes = {
				LastUpgradeCheck = 0930;
				ORGANIZATIONNAME = JUCE;
				TargetAttributes = {
					0EA83A42B6A7B09C6B004248 = {
						DevelopmentTeam = J3TN7LJ55J;
						SystemCapabilities = {
							com.apple.ApplicationGroups.iOS = {
								enabled = 0;
							};
							com.apple.InAppPurchase = {
								enabled = 0;
							};
							com.apple.InterAppAudio = {
								enabled = 0;
							};
							com.apple.Push = {
								enabled = 0;
							};
							com.apple.Sandbox = {
								enabled = 0;
							};
						};
					};
					79375AB4F88B63AFA4F8118E = {
						SystemCapabilities = {
							com.apple.ApplicationGroups.iOS = {
								enabled = 0;
							};
							com.apple.InAppPurchase = {
								enabled = 0;
							};
							com.apple.InterAppAudio = {
								enabled = 0;
							};
							com.apple.Push = {
								enabled = 0;
							};
							com.apple.Sandbox = {
								enabled = 0;
							};
						};
					};
					982842EC277165FD2C610F95 = {
						DevelopmentTeam = J3TN7LJ55J;
						SystemCapabilities = {
							com.apple.ApplicationGroups.iOS = {
								enabled = 0;
							};
							com.apple.InAppPurchase = {
								enabled = 0;
							};
							com.apple.InterAppAudio = {
								enabled = 0;
							};
							com.apple.Push = {
								enabled = 0;
							};
							com.apple.Sandbox = {
								enabled = 1;
							};
						};
					};
					C552E44CF723FF7210F1AA35 = {
						SystemCapabilities = {
							com.apple.ApplicationGroups.iOS = {
								enabled = 0;
							};
							com.apple.InAppPurchase = {
								enabled = 0;
							};
							com.apple.InterAppAudio = {
								enabled = 0;
							};
							com.apple.Push = {
								enabled = 0;
							};
							com.apple.Sandbox = {
								enabled = 0;
							};
						};
					};
				};
			};
			buildConfigurationList = 2B08B90C81E5CAAAE2E5B33D /* Build configuration list for PBXProject "AUv3SynthPlugin" */;
			compatibilityVersion = "Xcode 3.2";
			developmentRegion = en;
			hasScannedForEncodings = 0;
			knownRegions = (
				en,
			);
			mainGroup = EB1D885E1DF56233AAB5B78D /* Source */;
			projectDirPath = "";
			projectRoot = "";
			targets = (
				C552E44CF723FF7210F1AA35 /* AUv3SynthPlugin - All */,
				982842EC277165FD2C610F95 /* AUv3SynthPlugin - AUv3 AppExtension */,
				0EA83A42B6A7B09C6B004248 /* AUv3SynthPlugin - Standalone Plugin */,
				79375AB4F88B63AFA4F8118E /* AUv3SynthPlugin - Shared Code */,
			);
		};
/* End PBXProject section */

/* Begin PBXResourcesBuildPhase section */
		985D16270432D8402E24BC44 /* Resources */ = {
			isa = PBXResourcesBuildPhase;
			buildActionMask = 2147483647;
			files = (
				0806596A384248E1FF99D09B /* Assets in Resources */,
				7817E40B294401895F1D9B56 /* Images.xcassets in Resources */,
			);
			runOnlyForDeploymentPostprocessing = 0;
		};
		AB626FAEE0B3146FBE4836AD /* Resources */ = {
			isa = PBXResourcesBuildPhase;
			buildActionMask = 2147483647;
			files = (
				D81070B3216C006A002D1A71 /* Assets in Resources */,
				D81070B4216C006A002D1A71 /* Images.xcassets in Resources */,
			);
			runOnlyForDeploymentPostprocessing = 0;
		};
/* End PBXResourcesBuildPhase section */

/* Begin PBXSourcesBuildPhase section */
		26345E9A20FED4782C2ACE10 /* Sources */ = {
			isa = PBXSourcesBuildPhase;
			buildActionMask = 2147483647;
			files = (
				F6548FFFDBB3B85D9E0BBF28 /* Main.cpp in Sources */,
				88A72902D5B56181D49C6BE9 /* include_juce_audio_basics.mm in Sources */,
				91076F2EB1FA0326B5AAAAE9 /* include_juce_audio_devices.mm in Sources */,
				6907BB5D4700F02146594BCD /* include_juce_audio_formats.mm in Sources */,
				B06428920CF74E71ED088CD7 /* include_juce_audio_plugin_client_utils.cpp in Sources */,
				32C60DEC9C870593642369D5 /* include_juce_audio_plugin_client_VST_utils.mm in Sources */,
				8FC7EE858E916630821788EE /* include_juce_audio_processors.mm in Sources */,
				8A8FB1CBBD738D569ED713E5 /* include_juce_audio_utils.mm in Sources */,
				65E2342C9EFAC445340C3F59 /* include_juce_core.mm in Sources */,
				56E92216A94532B84E9245F7 /* include_juce_data_structures.mm in Sources */,
				D9D2BAF66DD565622594041C /* include_juce_events.mm in Sources */,
				EE365470D215E954BE44B18E /* include_juce_graphics.mm in Sources */,
				57F8BBAC8610512891054471 /* include_juce_gui_basics.mm in Sources */,
				ED99351FB0752EF60AFDF1CB /* include_juce_gui_extra.mm in Sources */,
			);
			runOnlyForDeploymentPostprocessing = 0;
		};
		5177BECE1179B604D9A8DE43 /* Sources */ = {
			isa = PBXSourcesBuildPhase;
			buildActionMask = 2147483647;
			files = (
				01BDA0057B91CE47AC080672 /* include_juce_audio_plugin_client_Standalone.cpp in Sources */,
			);
			runOnlyForDeploymentPostprocessing = 0;
		};
		9BB3318B6B689EC0D1503A0A /* Sources */ = {
			isa = PBXSourcesBuildPhase;
			buildActionMask = 2147483647;
			files = (
				C48B5E727267F1E1FB92D250 /* include_juce_audio_plugin_client_AUv3.mm in Sources */,
			);
			runOnlyForDeploymentPostprocessing = 0;
		};
/* End PBXSourcesBuildPhase section */

/* Begin PBXTargetDependency section */
		652CD54C00EE392F5478D7E6 /* PBXTargetDependency */ = {
			isa = PBXTargetDependency;
			target = 0EA83A42B6A7B09C6B004248 /* AUv3SynthPlugin - Standalone Plugin */;
			targetProxy = D81070C4216C006B002D1A71 /* PBXContainerItemProxy */;
		};
		6FA4DEF5D05CF0BC74873C66 /* PBXTargetDependency */ = {
			isa = PBXTargetDependency;
			target = 79375AB4F88B63AFA4F8118E /* AUv3SynthPlugin - Shared Code */;
			targetProxy = D81070C2216C006B002D1A71 /* PBXContainerItemProxy */;
		};
		D4ADF8CA58928515AFBC1D55 /* PBXTargetDependency */ = {
			isa = PBXTargetDependency;
			target = 982842EC277165FD2C610F95 /* AUv3SynthPlugin - AUv3 AppExtension */;
			targetProxy = D81070C3216C006B002D1A71 /* PBXContainerItemProxy */;
		};
/* End PBXTargetDependency section */

/* Begin XCBuildConfiguration section */
		025C426B31F7F7281190701E /* Debug */ = {
			isa = XCBuildConfiguration;
			buildSettings = {
				ASSETCATALOG_COMPILER_APPICON_NAME = AppIcon;
				ASSETCATALOG_COMPILER_LAUNCHIMAGE_NAME = LaunchImage;
				CLANG_CXX_LANGUAGE_STANDARD = "c++14";
				CLANG_CXX_LIBRARY = "libc++";
				CLANG_LINK_OBJC_RUNTIME = NO;
				COMBINE_HIDPI_IMAGES = YES;
				CONFIGURATION_BUILD_DIR = "$(PROJECT_DIR)/build/$(CONFIGURATION)";
				COPY_PHASE_STRIP = NO;
				DEVELOPMENT_TEAM = J3TN7LJ55J;
				GCC_DYNAMIC_NO_PIC = NO;
				GCC_OPTIMIZATION_LEVEL = 0;
				GCC_PREPROCESSOR_DEFINITIONS = (
					"_DEBUG=1",
					"DEBUG=1",
					"PIP_JUCE_EXAMPLES_DIRECTORY=L1VzZXJzL0pvZS9EZXZlbG9wZXIvSlVDRS9leGFtcGxlcw==",
					"JUCER_XCODE_IPHONE_5BC26AE3=1",
					"JUCE_APP_VERSION=1.0.0",
					"JUCE_APP_VERSION_HEX=0x10000",
					"JucePlugin_Build_VST=0",
					"JucePlugin_Build_VST3=0",
					"JucePlugin_Build_AU=0",
					"JucePlugin_Build_AUv3=0",
					"JucePlugin_Build_RTAS=0",
					"JucePlugin_Build_AAX=0",
					"JucePlugin_Build_Standalone=1",
					"JucePlugin_Build_Unity=0",
				);
				GCC_VERSION = com.apple.compilers.llvm.clang.1_0;
				HEADER_SEARCH_PATHS = (
					../../JuceLibraryCode,
					/Users/Joe/Developer/JUCE/modules,
					/Users/Joe/Developer/JUCE/modules/juce_audio_plugin_client,
					"$(inherited)",
				);
				INFOPLIST_FILE = "Info-Standalone_Plugin.plist";
				INFOPLIST_PREPROCESS = NO;
				OTHER_LDFLAGS = "-lAUv3SynthPlugin";
				PRODUCT_BUNDLE_IDENTIFIER = com.yourcompany.AUv3SynthPlugin;
				PRODUCT_NAME = AUv3SynthPlugin;
				USE_HEADERMAP = NO;
			};
			name = Debug;
		};
		067DF60880B08D25BFD737B5 /* Debug */ = {
			isa = XCBuildConfiguration;
			buildSettings = {
				ASSETCATALOG_COMPILER_APPICON_NAME = AppIcon;
				ASSETCATALOG_COMPILER_LAUNCHIMAGE_NAME = LaunchImage;
				CLANG_CXX_LANGUAGE_STANDARD = "c++14";
				CLANG_CXX_LIBRARY = "libc++";
				CLANG_LINK_OBJC_RUNTIME = NO;
				COMBINE_HIDPI_IMAGES = YES;
				CONFIGURATION_BUILD_DIR = "$(PROJECT_DIR)/build/$(CONFIGURATION)";
				COPY_PHASE_STRIP = NO;
				DEVELOPMENT_TEAM = J3TN7LJ55J;
				GCC_DYNAMIC_NO_PIC = NO;
				GCC_OPTIMIZATION_LEVEL = 0;
				GCC_PREPROCESSOR_DEFINITIONS = (
					"_DEBUG=1",
					"DEBUG=1",
					"PIP_JUCE_EXAMPLES_DIRECTORY=L1VzZXJzL0pvZS9EZXZlbG9wZXIvSlVDRS9leGFtcGxlcw==",
					"JUCER_XCODE_IPHONE_5BC26AE3=1",
					"JUCE_APP_VERSION=1.0.0",
					"JUCE_APP_VERSION_HEX=0x10000",
					"JucePlugin_Build_VST=0",
					"JucePlugin_Build_VST3=0",
					"JucePlugin_Build_AU=0",
					"JucePlugin_Build_AUv3=1",
					"JucePlugin_Build_RTAS=0",
					"JucePlugin_Build_AAX=0",
					"JucePlugin_Build_Standalone=0",
					"JucePlugin_Build_Unity=0",
				);
				GCC_VERSION = com.apple.compilers.llvm.clang.1_0;
				HEADER_SEARCH_PATHS = (
					../../JuceLibraryCode,
					/Users/Joe/Developer/JUCE/modules,
					/Users/Joe/Developer/JUCE/modules/juce_audio_plugin_client,
					"$(inherited)",
				);
				INFOPLIST_FILE = "Info-AUv3_AppExtension.plist";
				INFOPLIST_PREPROCESS = NO;
				OTHER_LDFLAGS = "-lAUv3SynthPlugin";
				PRODUCT_BUNDLE_IDENTIFIER = com.yourcompany.AUv3SynthPlugin.AUv3SynthPluginAUv3;
				PRODUCT_NAME = AUv3SynthPlugin;
				USE_HEADERMAP = NO;
			};
			name = Debug;
		};
		06D3CBC2AAA2398FC681A667 /* Debug */ = {
			isa = XCBuildConfiguration;
			buildSettings = {
				ASSETCATALOG_COMPILER_APPICON_NAME = AppIcon;
				ASSETCATALOG_COMPILER_LAUNCHIMAGE_NAME = LaunchImage;
				CLANG_CXX_LANGUAGE_STANDARD = "c++14";
				CLANG_CXX_LIBRARY = "libc++";
				CLANG_LINK_OBJC_RUNTIME = NO;
				COMBINE_HIDPI_IMAGES = YES;
				CONFIGURATION_BUILD_DIR = "$(PROJECT_DIR)/build/$(CONFIGURATION)";
				COPY_PHASE_STRIP = NO;
				GCC_DYNAMIC_NO_PIC = NO;
				GCC_OPTIMIZATION_LEVEL = 0;
				GCC_PREPROCESSOR_DEFINITIONS = (
					"_DEBUG=1",
					"DEBUG=1",
					"PIP_JUCE_EXAMPLES_DIRECTORY=L1VzZXJzL0pvZS9EZXZlbG9wZXIvSlVDRS9leGFtcGxlcw==",
					"JUCER_XCODE_IPHONE_5BC26AE3=1",
					"JUCE_APP_VERSION=1.0.0",
					"JUCE_APP_VERSION_HEX=0x10000",
					"JucePlugin_Build_VST=0",
					"JucePlugin_Build_VST3=0",
					"JucePlugin_Build_AU=0",
					"JucePlugin_Build_AUv3=1",
					"JucePlugin_Build_RTAS=0",
					"JucePlugin_Build_AAX=0",
					"JucePlugin_Build_Standalone=1",
					"JucePlugin_Build_Unity=0",
					"JUCE_SHARED_CODE=1",
				);
				GCC_VERSION = com.apple.compilers.llvm.clang.1_0;
				HEADER_SEARCH_PATHS = (
					../../JuceLibraryCode,
					/Users/Joe/Developer/JUCE/modules,
					/Users/Joe/Developer/JUCE/modules/juce_audio_plugin_client,
					"$(inherited)",
				);
				INSTALL_PATH = "@executable_path/Frameworks";
				PRODUCT_BUNDLE_IDENTIFIER = com.yourcompany.AUv3SynthPlugin;
				PRODUCT_NAME = AUv3SynthPlugin;
				USE_HEADERMAP = NO;
			};
			name = Debug;
		};
		2D189367A79798A8297BFCF7 /* Release */ = {
			isa = XCBuildConfiguration;
			buildSettings = {
				ASSETCATALOG_COMPILER_APPICON_NAME = AppIcon;
				ASSETCATALOG_COMPILER_LAUNCHIMAGE_NAME = LaunchImage;
				CLANG_CXX_LANGUAGE_STANDARD = "c++14";
				CLANG_CXX_LIBRARY = "libc++";
				CLANG_LINK_OBJC_RUNTIME = NO;
				COMBINE_HIDPI_IMAGES = YES;
				CONFIGURATION_BUILD_DIR = "$(PROJECT_DIR)/build/$(CONFIGURATION)";
				DEAD_CODE_STRIPPING = YES;
				GCC_GENERATE_DEBUGGING_SYMBOLS = NO;
				GCC_OPTIMIZATION_LEVEL = 3;
				GCC_PREPROCESSOR_DEFINITIONS = (
					"_NDEBUG=1",
					"NDEBUG=1",
					"PIP_JUCE_EXAMPLES_DIRECTORY=L1VzZXJzL0pvZS9EZXZlbG9wZXIvSlVDRS9leGFtcGxlcw==",
					"JUCER_XCODE_IPHONE_5BC26AE3=1",
					"JUCE_APP_VERSION=1.0.0",
					"JUCE_APP_VERSION_HEX=0x10000",
					"JucePlugin_Build_VST=0",
					"JucePlugin_Build_VST3=0",
					"JucePlugin_Build_AU=0",
					"JucePlugin_Build_AUv3=1",
					"JucePlugin_Build_RTAS=0",
					"JucePlugin_Build_AAX=0",
					"JucePlugin_Build_Standalone=1",
					"JucePlugin_Build_Unity=0",
					"JUCE_SHARED_CODE=1",
				);
				GCC_SYMBOLS_PRIVATE_EXTERN = YES;
				GCC_VERSION = com.apple.compilers.llvm.clang.1_0;
				HEADER_SEARCH_PATHS = (
					../../JuceLibraryCode,
					/Users/Joe/Developer/JUCE/modules,
					/Users/Joe/Developer/JUCE/modules/juce_audio_plugin_client,
					"$(inherited)",
				);
				INSTALL_PATH = "@executable_path/Frameworks";
				LLVM_LTO = YES;
				PRODUCT_BUNDLE_IDENTIFIER = com.yourcompany.AUv3SynthPlugin;
				PRODUCT_NAME = AUv3SynthPlugin;
				USE_HEADERMAP = NO;
			};
			name = Release;
		};
		B5BDF81597FC50D97D9FB497 /* Debug */ = {
			isa = XCBuildConfiguration;
			buildSettings = {
				ALWAYS_SEARCH_USER_PATHS = NO;
				CLANG_WARN_BLOCK_CAPTURE_AUTORELEASING = YES;
				CLANG_WARN_BOOL_CONVERSION = YES;
				CLANG_WARN_COMMA = YES;
				CLANG_WARN_CONSTANT_CONVERSION = YES;
				CLANG_WARN_EMPTY_BODY = YES;
				CLANG_WARN_ENUM_CONVERSION = YES;
				CLANG_WARN_INFINITE_RECURSION = YES;
				CLANG_WARN_INT_CONVERSION = YES;
				CLANG_WARN_NON_LITERAL_NULL_CONVERSION = YES;
				CLANG_WARN_OBJC_LITERAL_CONVERSION = YES;
				CLANG_WARN_RANGE_LOOP_ANALYSIS = YES;
				CLANG_WARN_STRICT_PROTOTYPES = YES;
				CLANG_WARN_SUSPICIOUS_MOVE = YES;
				CLANG_WARN_UNREACHABLE_CODE = YES;
				CLANG_WARN__DUPLICATE_METHOD_MATCH = YES;
				"CODE_SIGN_IDENTITY[sdk=iphoneos*]" = "iPhone Developer";
				DEBUG_INFORMATION_FORMAT = dwarf;
				ENABLE_STRICT_OBJC_MSGSEND = YES;
				ENABLE_TESTABILITY = YES;
				GCC_C_LANGUAGE_STANDARD = c11;
				GCC_INLINES_ARE_PRIVATE_EXTERN = YES;
				GCC_MODEL_TUNING = G5;
				GCC_NO_COMMON_BLOCKS = YES;
				GCC_WARN_64_TO_32_BIT_CONVERSION = YES;
				GCC_WARN_ABOUT_RETURN_TYPE = YES;
				GCC_WARN_CHECK_SWITCH_STATEMENTS = YES;
				GCC_WARN_MISSING_PARENTHESES = YES;
				GCC_WARN_NON_VIRTUAL_DESTRUCTOR = YES;
				GCC_WARN_TYPECHECK_CALLS_TO_PRINTF = YES;
				GCC_WARN_UNDECLARED_SELECTOR = YES;
				GCC_WARN_UNINITIALIZED_AUTOS = YES;
				GCC_WARN_UNUSED_FUNCTION = YES;
				GCC_WARN_UNUSED_VARIABLE = YES;
				IPHONEOS_DEPLOYMENT_TARGET = 9.3;
				ONLY_ACTIVE_ARCH = YES;
				PRODUCT_NAME = AUv3SynthPlugin;
				SDKROOT = iphoneos;
				TARGETED_DEVICE_FAMILY = "1,2";
				WARNING_CFLAGS = "-Wreorder";
				ZERO_LINK = NO;
			};
			name = Debug;
		};
		B6483FFBACBF9D7F1626A4A4 /* Release */ = {
			isa = XCBuildConfiguration;
			buildSettings = {
				ASSETCATALOG_COMPILER_APPICON_NAME = AppIcon;
				ASSETCATALOG_COMPILER_LAUNCHIMAGE_NAME = LaunchImage;
				CLANG_CXX_LANGUAGE_STANDARD = "c++14";
				CLANG_CXX_LIBRARY = "libc++";
				CLANG_LINK_OBJC_RUNTIME = NO;
				COMBINE_HIDPI_IMAGES = YES;
				CONFIGURATION_BUILD_DIR = "$(PROJECT_DIR)/build/$(CONFIGURATION)";
				DEAD_CODE_STRIPPING = YES;
				GCC_GENERATE_DEBUGGING_SYMBOLS = NO;
				GCC_OPTIMIZATION_LEVEL = 3;
				GCC_PREPROCESSOR_DEFINITIONS = (
					"_NDEBUG=1",
					"NDEBUG=1",
					"PIP_JUCE_EXAMPLES_DIRECTORY=L1VzZXJzL0pvZS9EZXZlbG9wZXIvSlVDRS9leGFtcGxlcw==",
					"JUCER_XCODE_IPHONE_5BC26AE3=1",
					"JUCE_APP_VERSION=1.0.0",
					"JUCE_APP_VERSION_HEX=0x10000",
					"JucePlugin_Build_VST=0",
					"JucePlugin_Build_VST3=0",
					"JucePlugin_Build_AU=0",
					"JucePlugin_Build_AUv3=0",
					"JucePlugin_Build_RTAS=0",
					"JucePlugin_Build_AAX=0",
					"JucePlugin_Build_Standalone=0",
					"JucePlugin_Build_Unity=0",
				);
				GCC_SYMBOLS_PRIVATE_EXTERN = YES;
				GCC_VERSION = com.apple.compilers.llvm.clang.1_0;
				HEADER_SEARCH_PATHS = (
					../../JuceLibraryCode,
					/Users/Joe/Developer/JUCE/modules,
					/Users/Joe/Developer/JUCE/modules/juce_audio_plugin_client,
					"$(inherited)",
				);
				LLVM_LTO = YES;
				OTHER_LDFLAGS = "-lAUv3SynthPlugin";
				PRODUCT_BUNDLE_IDENTIFIER = com.yourcompany.AUv3SynthPlugin;
				PRODUCT_NAME = AUv3SynthPlugin;
				USE_HEADERMAP = NO;
			};
			name = Release;
		};
		BA983C3F444C722A1B014F01 /* Release */ = {
			isa = XCBuildConfiguration;
			buildSettings = {
				ALWAYS_SEARCH_USER_PATHS = NO;
				CLANG_WARN_BLOCK_CAPTURE_AUTORELEASING = YES;
				CLANG_WARN_BOOL_CONVERSION = YES;
				CLANG_WARN_COMMA = YES;
				CLANG_WARN_CONSTANT_CONVERSION = YES;
				CLANG_WARN_EMPTY_BODY = YES;
				CLANG_WARN_ENUM_CONVERSION = YES;
				CLANG_WARN_INFINITE_RECURSION = YES;
				CLANG_WARN_INT_CONVERSION = YES;
				CLANG_WARN_NON_LITERAL_NULL_CONVERSION = YES;
				CLANG_WARN_OBJC_LITERAL_CONVERSION = YES;
				CLANG_WARN_RANGE_LOOP_ANALYSIS = YES;
				CLANG_WARN_STRICT_PROTOTYPES = YES;
				CLANG_WARN_SUSPICIOUS_MOVE = YES;
				CLANG_WARN_UNREACHABLE_CODE = YES;
				CLANG_WARN__DUPLICATE_METHOD_MATCH = YES;
				"CODE_SIGN_IDENTITY[sdk=iphoneos*]" = "iPhone Developer";
				DEBUG_INFORMATION_FORMAT = dwarf;
				ENABLE_STRICT_OBJC_MSGSEND = YES;
				GCC_C_LANGUAGE_STANDARD = c11;
				GCC_INLINES_ARE_PRIVATE_EXTERN = YES;
				GCC_MODEL_TUNING = G5;
				GCC_NO_COMMON_BLOCKS = YES;
				GCC_WARN_64_TO_32_BIT_CONVERSION = YES;
				GCC_WARN_ABOUT_RETURN_TYPE = YES;
				GCC_WARN_CHECK_SWITCH_STATEMENTS = YES;
				GCC_WARN_MISSING_PARENTHESES = YES;
				GCC_WARN_NON_VIRTUAL_DESTRUCTOR = YES;
				GCC_WARN_TYPECHECK_CALLS_TO_PRINTF = YES;
				GCC_WARN_UNDECLARED_SELECTOR = YES;
				GCC_WARN_UNINITIALIZED_AUTOS = YES;
				GCC_WARN_UNUSED_FUNCTION = YES;
				GCC_WARN_UNUSED_VARIABLE = YES;
				IPHONEOS_DEPLOYMENT_TARGET = 9.3;
				PRODUCT_NAME = AUv3SynthPlugin;
				SDKROOT = iphoneos;
				TARGETED_DEVICE_FAMILY = "1,2";
				WARNING_CFLAGS = "-Wreorder";
				ZERO_LINK = NO;
			};
			name = Release;
		};
		C77E28039CEEB02E152B36E1 /* Release */ = {
			isa = XCBuildConfiguration;
			buildSettings = {
				ASSETCATALOG_COMPILER_APPICON_NAME = AppIcon;
				ASSETCATALOG_COMPILER_LAUNCHIMAGE_NAME = LaunchImage;
				CLANG_CXX_LANGUAGE_STANDARD = "c++14";
				CLANG_CXX_LIBRARY = "libc++";
				CLANG_LINK_OBJC_RUNTIME = NO;
				COMBINE_HIDPI_IMAGES = YES;
				CONFIGURATION_BUILD_DIR = "$(PROJECT_DIR)/build/$(CONFIGURATION)";
				DEAD_CODE_STRIPPING = YES;
				DEVELOPMENT_TEAM = J3TN7LJ55J;
				GCC_GENERATE_DEBUGGING_SYMBOLS = NO;
				GCC_OPTIMIZATION_LEVEL = 3;
				GCC_PREPROCESSOR_DEFINITIONS = (
					"_NDEBUG=1",
					"NDEBUG=1",
					"PIP_JUCE_EXAMPLES_DIRECTORY=L1VzZXJzL0pvZS9EZXZlbG9wZXIvSlVDRS9leGFtcGxlcw==",
					"JUCER_XCODE_IPHONE_5BC26AE3=1",
					"JUCE_APP_VERSION=1.0.0",
					"JUCE_APP_VERSION_HEX=0x10000",
					"JucePlugin_Build_VST=0",
					"JucePlugin_Build_VST3=0",
					"JucePlugin_Build_AU=0",
					"JucePlugin_Build_AUv3=1",
					"JucePlugin_Build_RTAS=0",
					"JucePlugin_Build_AAX=0",
					"JucePlugin_Build_Standalone=0",
					"JucePlugin_Build_Unity=0",
				);
				GCC_SYMBOLS_PRIVATE_EXTERN = YES;
				GCC_VERSION = com.apple.compilers.llvm.clang.1_0;
				HEADER_SEARCH_PATHS = (
					../../JuceLibraryCode,
					/Users/Joe/Developer/JUCE/modules,
					/Users/Joe/Developer/JUCE/modules/juce_audio_plugin_client,
					"$(inherited)",
				);
				INFOPLIST_FILE = "Info-AUv3_AppExtension.plist";
				INFOPLIST_PREPROCESS = NO;
				LLVM_LTO = YES;
				OTHER_LDFLAGS = "-lAUv3SynthPlugin";
				PRODUCT_BUNDLE_IDENTIFIER = com.yourcompany.AUv3SynthPlugin.AUv3SynthPluginAUv3;
				PRODUCT_NAME = AUv3SynthPlugin;
				USE_HEADERMAP = NO;
			};
			name = Release;
		};
		EEE6958524E8085B3D880828 /* Debug */ = {
			isa = XCBuildConfiguration;
			buildSettings = {
				ASSETCATALOG_COMPILER_APPICON_NAME = AppIcon;
				ASSETCATALOG_COMPILER_LAUNCHIMAGE_NAME = LaunchImage;
				CLANG_CXX_LANGUAGE_STANDARD = "c++14";
				CLANG_CXX_LIBRARY = "libc++";
				CLANG_LINK_OBJC_RUNTIME = NO;
				COMBINE_HIDPI_IMAGES = YES;
				CONFIGURATION_BUILD_DIR = "$(PROJECT_DIR)/build/$(CONFIGURATION)";
				COPY_PHASE_STRIP = NO;
				GCC_DYNAMIC_NO_PIC = NO;
				GCC_OPTIMIZATION_LEVEL = 0;
				GCC_PREPROCESSOR_DEFINITIONS = (
					"_DEBUG=1",
					"DEBUG=1",
					"PIP_JUCE_EXAMPLES_DIRECTORY=L1VzZXJzL0pvZS9EZXZlbG9wZXIvSlVDRS9leGFtcGxlcw==",
					"JUCER_XCODE_IPHONE_5BC26AE3=1",
					"JUCE_APP_VERSION=1.0.0",
					"JUCE_APP_VERSION_HEX=0x10000",
					"JucePlugin_Build_VST=0",
					"JucePlugin_Build_VST3=0",
					"JucePlugin_Build_AU=0",
					"JucePlugin_Build_AUv3=0",
					"JucePlugin_Build_RTAS=0",
					"JucePlugin_Build_AAX=0",
					"JucePlugin_Build_Standalone=0",
					"JucePlugin_Build_Unity=0",
				);
				GCC_VERSION = com.apple.compilers.llvm.clang.1_0;
				HEADER_SEARCH_PATHS = (
					../../JuceLibraryCode,
					/Users/Joe/Developer/JUCE/modules,
					/Users/Joe/Developer/JUCE/modules/juce_audio_plugin_client,
					"$(inherited)",
				);
				OTHER_LDFLAGS = "-lAUv3SynthPlugin";
				PRODUCT_BUNDLE_IDENTIFIER = com.yourcompany.AUv3SynthPlugin;
				PRODUCT_NAME = AUv3SynthPlugin;
				USE_HEADERMAP = NO;
			};
			name = Debug;
		};
		EF4143B8B1ABE9714C722C8F /* Release */ = {
			isa = XCBuildConfiguration;
			buildSettings = {
				ASSETCATALOG_COMPILER_APPICON_NAME = AppIcon;
				ASSETCATALOG_COMPILER_LAUNCHIMAGE_NAME = LaunchImage;
				CLANG_CXX_LANGUAGE_STANDARD = "c++14";
				CLANG_CXX_LIBRARY = "libc++";
				CLANG_LINK_OBJC_RUNTIME = NO;
				COMBINE_HIDPI_IMAGES = YES;
				CONFIGURATION_BUILD_DIR = "$(PROJECT_DIR)/build/$(CONFIGURATION)";
				DEAD_CODE_STRIPPING = YES;
				DEVELOPMENT_TEAM = J3TN7LJ55J;
				GCC_GENERATE_DEBUGGING_SYMBOLS = NO;
				GCC_OPTIMIZATION_LEVEL = 3;
				GCC_PREPROCESSOR_DEFINITIONS = (
					"_NDEBUG=1",
					"NDEBUG=1",
					"PIP_JUCE_EXAMPLES_DIRECTORY=L1VzZXJzL0pvZS9EZXZlbG9wZXIvSlVDRS9leGFtcGxlcw==",
					"JUCER_XCODE_IPHONE_5BC26AE3=1",
					"JUCE_APP_VERSION=1.0.0",
					"JUCE_APP_VERSION_HEX=0x10000",
					"JucePlugin_Build_VST=0",
					"JucePlugin_Build_VST3=0",
					"JucePlugin_Build_AU=0",
					"JucePlugin_Build_AUv3=0",
					"JucePlugin_Build_RTAS=0",
					"JucePlugin_Build_AAX=0",
					"JucePlugin_Build_Standalone=1",
					"JucePlugin_Build_Unity=0",
				);
				GCC_SYMBOLS_PRIVATE_EXTERN = YES;
				GCC_VERSION = com.apple.compilers.llvm.clang.1_0;
				HEADER_SEARCH_PATHS = (
					../../JuceLibraryCode,
					/Users/Joe/Developer/JUCE/modules,
					/Users/Joe/Developer/JUCE/modules/juce_audio_plugin_client,
					"$(inherited)",
				);
				INFOPLIST_FILE = "Info-Standalone_Plugin.plist";
				INFOPLIST_PREPROCESS = NO;
				LLVM_LTO = YES;
				OTHER_LDFLAGS = "-lAUv3SynthPlugin";
				PRODUCT_BUNDLE_IDENTIFIER = com.yourcompany.AUv3SynthPlugin;
				PRODUCT_NAME = AUv3SynthPlugin;
				USE_HEADERMAP = NO;
			};
			name = Release;
		};
/* End XCBuildConfiguration section */

/* Begin XCConfigurationList section */
		1C771C4B6BDE92B4EA4FA275 /* Build configuration list for PBXNativeTarget "AUv3SynthPlugin - Shared Code" */ = {
			isa = XCConfigurationList;
			buildConfigurations = (
				06D3CBC2AAA2398FC681A667 /* Debug */,
				2D189367A79798A8297BFCF7 /* Release */,
			);
			defaultConfigurationIsVisible = 0;
			defaultConfigurationName = Debug;
		};
		2B08B90C81E5CAAAE2E5B33D /* Build configuration list for PBXProject "AUv3SynthPlugin" */ = {
			isa = XCConfigurationList;
			buildConfigurations = (
				B5BDF81597FC50D97D9FB497 /* Debug */,
				BA983C3F444C722A1B014F01 /* Release */,
			);
			defaultConfigurationIsVisible = 0;
			defaultConfigurationName = Debug;
		};
		A1995B85B5B5C3A480543011 /* Build configuration list for PBXAggregateTarget "AUv3SynthPlugin - All" */ = {
			isa = XCConfigurationList;
			buildConfigurations = (
				EEE6958524E8085B3D880828 /* Debug */,
				B6483FFBACBF9D7F1626A4A4 /* Release */,
			);
			defaultConfigurationIsVisible = 0;
			defaultConfigurationName = Debug;
		};
		B85FD6203DFCA9EF95E1251B /* Build configuration list for PBXNativeTarget "AUv3SynthPlugin - AUv3 AppExtension" */ = {
			isa = XCConfigurationList;
			buildConfigurations = (
				067DF60880B08D25BFD737B5 /* Debug */,
				C77E28039CEEB02E152B36E1 /* Release */,
			);
			defaultConfigurationIsVisible = 0;
			defaultConfigurationName = Debug;
		};
		BABCDE9DCC5BE6C4BBFA3D63 /* Build configuration list for PBXNativeTarget "AUv3SynthPlugin - Standalone Plugin" */ = {
			isa = XCConfigurationList;
			buildConfigurations = (
				025C426B31F7F7281190701E /* Debug */,
				EF4143B8B1ABE9714C722C8F /* Release */,
			);
			defaultConfigurationIsVisible = 0;
			defaultConfigurationName = Debug;
		};
/* End XCConfigurationList section */
	};
	rootObject = E1232BA4E8CCAF82A37F8C3C /* Project object */;
}
